
Microsoft Visual Studio Solution File, Format Version 12.00
# Visual Studio 15
VisualStudioVersion = 15.0.28307.1000
MinimumVisualStudioVersion = 10.0.40219.1
Project("{8BC9CEB8-8B4A-11D0-8D11-00A0C91BC942}") = "Ch01_01_Statements_and_Structure_of_Program", "Ch01_01_Statements_and_Structure_of_Program\Ch01_01_Statements_and_Structure_of_Program.vcxproj", "{9DD1586D-E3CB-4057-B7B0-B61AF82AF624}"
EndProject
Project("{2150E333-8FDC-42A3-9474-1A3956D46DE8}") = "Ch01_CPP_Basics", "Ch01_CPP_Basics", "{73A9E037-B86F-42E1-88BA-CDA62574B2A7}"
EndProject
Project("{8BC9CEB8-8B4A-11D0-8D11-00A0C91BC942}") = "Ch01_02_Comments", "Ch01_02_Comments\Ch01_02_Comments.vcxproj", "{99B8C5B5-2441-43B3-B69B-813F32B66181}"
EndProject
Project("{8BC9CEB8-8B4A-11D0-8D11-00A0C91BC942}") = "Ch01_03_Intro_to_variables", "Ch01_03_Intro_to_variables\Ch01_03_Intro_to_variables.vcxproj", "{F690F4BF-2806-4360-8406-19E5BE37E351}"
EndProject
Project("{8BC9CEB8-8B4A-11D0-8D11-00A0C91BC942}") = "Ch01_04_Variable_assignment_and_Initialization", "Ch01_04_Variable_assignment_and_Initialization\Ch01_04_Variable_assignment_and_Initialization.vcxproj", "{3A7FB488-C5D2-4150-A178-C27FC9267CE7}"
EndProject
Project("{8BC9CEB8-8B4A-11D0-8D11-00A0C91BC942}") = "Ch01_05_Intro_to_iostream", "Ch01_05_Intro_to_iostream\Ch01_05_Intro_to_iostream.vcxproj", "{C6B64E3E-FCAC-4422-ADB9-A7AB87000AD0}"
EndProject
Project("{8BC9CEB8-8B4A-11D0-8D11-00A0C91BC942}") = "Ch01_06_Uninitialized_variables_and_undefined_behavior", "Ch01_06_Uninitialized_variables_and_undefined_behavior\Ch01_06_Uninitialized_variables_and_undefined_behavior.vcxproj", "{7CDC3B31-8B6C-443A-911B-2E75874AA6B8}"
EndProject
Project("{8BC9CEB8-8B4A-11D0-8D11-00A0C91BC942}") = "Ch01_07_Keywords_and_naming_identifiers", "Ch01_07_Keywords_and_naming_identifiers\Ch01_07_Keywords_and_naming_identifiers.vcxproj", "{C825C1F1-C3C7-4971-B46F-B3B2A0889121}"
EndProject
Project("{8BC9CEB8-8B4A-11D0-8D11-00A0C91BC942}") = "Ch01_08_Intro_to_literals_and_operators", "Ch01_08_Intro_to_literals_and_operators\Ch01_08_Intro_to_literals_and_operators.vcxproj", "{1B76056C-B86C-4934-BE92-9DEFB9A5632F}"
EndProject
Project("{8BC9CEB8-8B4A-11D0-8D11-00A0C91BC942}") = "Ch01_09_Intro_to_expressions", "Ch01_09_Intro_to_expressions\Ch01_09_Intro_to_expressions.vcxproj", "{73F3D8F6-0F4A-4AEE-9B1F-744138EE37FB}"
EndProject
Project("{2150E333-8FDC-42A3-9474-1A3956D46DE8}") = "Ch00_Getting_Started", "Ch00_Getting_Started", "{289D5D56-E634-47E9-905A-3049B1549C3F}"
EndProject
Project("{8BC9CEB8-8B4A-11D0-8D11-00A0C91BC942}") = "Ch00_12_Choosing_a_language_stardard", "Ch00_12_Choosing_a_language_stardard\Ch00_12_Choosing_a_language_stardard.vcxproj", "{74F0964B-30ED-41D7-9AA3-735145E47397}"
EndProject
Project("{8BC9CEB8-8B4A-11D0-8D11-00A0C91BC942}") = "Ch01_10_Developing_first_program", "Ch01_10_Developing_first_program\Ch01_10_Developing_first_program.vcxproj", "{32AE3BB7-B53C-47AD-B2A2-AA9A4CA87866}"
EndProject
Project("{2150E333-8FDC-42A3-9474-1A3956D46DE8}") = "Ch02_Functions_and_Files", "Ch02_Functions_and_Files", "{351090F6-8AF7-45A9-BD32-49769275A550}"
EndProject
Project("{8BC9CEB8-8B4A-11D0-8D11-00A0C91BC942}") = "Ch02_01_Intro_to_functions", "Ch02_01_Intro_to_functions\Ch02_01_Intro_to_functions.vcxproj", "{541C9467-4690-4878-8D04-E63FC23917BF}"
EndProject
Project("{8BC9CEB8-8B4A-11D0-8D11-00A0C91BC942}") = "Ch02_02_Function_return_values", "Ch02_02_Function_return_values\Ch02_02_Function_return_values.vcxproj", "{6FAA6AB9-E0F1-49B8-8DF9-1C1A2CA86B97}"
EndProject
Project("{8BC9CEB8-8B4A-11D0-8D11-00A0C91BC942}") = "Ch02_03_Intro_to_function_para_and_arguments", "Ch02_03_Intro_to_function_para_and_arguments\Ch02_03_Intro_to_function_para_and_arguments.vcxproj", "{80E36712-280E-4536-B104-19BF352E078E}"
EndProject
Project("{8BC9CEB8-8B4A-11D0-8D11-00A0C91BC942}") = "Ch02_04_Intro_to_local_scope", "Ch02_04_Intro_to_local_scope\Ch02_04_Intro_to_local_scope.vcxproj", "{6F0C1B75-0724-4F22-9A2A-2A60AB046557}"
EndProject
Project("{8BC9CEB8-8B4A-11D0-8D11-00A0C91BC942}") = "Ch02_06_Whitespace_and_basic_formatting", "Ch02_06_Whitespace_and_basic_formatting\Ch02_06_Whitespace_and_basic_formatting.vcxproj", "{96143119-57B3-419D-95A5-CE0C8B910359}"
EndProject
Global
	GlobalSection(SolutionConfigurationPlatforms) = preSolution
		Debug|x64 = Debug|x64
		Debug|x86 = Debug|x86
		Release|x64 = Release|x64
		Release|x86 = Release|x86
	EndGlobalSection
	GlobalSection(ProjectConfigurationPlatforms) = postSolution
		{9DD1586D-E3CB-4057-B7B0-B61AF82AF624}.Debug|x64.ActiveCfg = Debug|x64
		{9DD1586D-E3CB-4057-B7B0-B61AF82AF624}.Debug|x64.Build.0 = Debug|x64
		{9DD1586D-E3CB-4057-B7B0-B61AF82AF624}.Debug|x86.ActiveCfg = Debug|Win32
		{9DD1586D-E3CB-4057-B7B0-B61AF82AF624}.Debug|x86.Build.0 = Debug|Win32
		{9DD1586D-E3CB-4057-B7B0-B61AF82AF624}.Release|x64.ActiveCfg = Release|x64
		{9DD1586D-E3CB-4057-B7B0-B61AF82AF624}.Release|x64.Build.0 = Release|x64
		{9DD1586D-E3CB-4057-B7B0-B61AF82AF624}.Release|x86.ActiveCfg = Release|Win32
		{9DD1586D-E3CB-4057-B7B0-B61AF82AF624}.Release|x86.Build.0 = Release|Win32
		{99B8C5B5-2441-43B3-B69B-813F32B66181}.Debug|x64.ActiveCfg = Debug|x64
		{99B8C5B5-2441-43B3-B69B-813F32B66181}.Debug|x64.Build.0 = Debug|x64
		{99B8C5B5-2441-43B3-B69B-813F32B66181}.Debug|x86.ActiveCfg = Debug|Win32
		{99B8C5B5-2441-43B3-B69B-813F32B66181}.Debug|x86.Build.0 = Debug|Win32
		{99B8C5B5-2441-43B3-B69B-813F32B66181}.Release|x64.ActiveCfg = Release|x64
		{99B8C5B5-2441-43B3-B69B-813F32B66181}.Release|x64.Build.0 = Release|x64
		{99B8C5B5-2441-43B3-B69B-813F32B66181}.Release|x86.ActiveCfg = Release|Win32
		{99B8C5B5-2441-43B3-B69B-813F32B66181}.Release|x86.Build.0 = Release|Win32
		{F690F4BF-2806-4360-8406-19E5BE37E351}.Debug|x64.ActiveCfg = Debug|x64
		{F690F4BF-2806-4360-8406-19E5BE37E351}.Debug|x64.Build.0 = Debug|x64
		{F690F4BF-2806-4360-8406-19E5BE37E351}.Debug|x86.ActiveCfg = Debug|Win32
		{F690F4BF-2806-4360-8406-19E5BE37E351}.Debug|x86.Build.0 = Debug|Win32
		{F690F4BF-2806-4360-8406-19E5BE37E351}.Release|x64.ActiveCfg = Release|x64
		{F690F4BF-2806-4360-8406-19E5BE37E351}.Release|x64.Build.0 = Release|x64
		{F690F4BF-2806-4360-8406-19E5BE37E351}.Release|x86.ActiveCfg = Release|Win32
		{F690F4BF-2806-4360-8406-19E5BE37E351}.Release|x86.Build.0 = Release|Win32
		{3A7FB488-C5D2-4150-A178-C27FC9267CE7}.Debug|x64.ActiveCfg = Debug|x64
		{3A7FB488-C5D2-4150-A178-C27FC9267CE7}.Debug|x64.Build.0 = Debug|x64
		{3A7FB488-C5D2-4150-A178-C27FC9267CE7}.Debug|x86.ActiveCfg = Debug|Win32
		{3A7FB488-C5D2-4150-A178-C27FC9267CE7}.Debug|x86.Build.0 = Debug|Win32
		{3A7FB488-C5D2-4150-A178-C27FC9267CE7}.Release|x64.ActiveCfg = Release|x64
		{3A7FB488-C5D2-4150-A178-C27FC9267CE7}.Release|x64.Build.0 = Release|x64
		{3A7FB488-C5D2-4150-A178-C27FC9267CE7}.Release|x86.ActiveCfg = Release|Win32
		{3A7FB488-C5D2-4150-A178-C27FC9267CE7}.Release|x86.Build.0 = Release|Win32
		{C6B64E3E-FCAC-4422-ADB9-A7AB87000AD0}.Debug|x64.ActiveCfg = Debug|x64
		{C6B64E3E-FCAC-4422-ADB9-A7AB87000AD0}.Debug|x64.Build.0 = Debug|x64
		{C6B64E3E-FCAC-4422-ADB9-A7AB87000AD0}.Debug|x86.ActiveCfg = Debug|Win32
		{C6B64E3E-FCAC-4422-ADB9-A7AB87000AD0}.Debug|x86.Build.0 = Debug|Win32
		{C6B64E3E-FCAC-4422-ADB9-A7AB87000AD0}.Release|x64.ActiveCfg = Release|x64
		{C6B64E3E-FCAC-4422-ADB9-A7AB87000AD0}.Release|x64.Build.0 = Release|x64
		{C6B64E3E-FCAC-4422-ADB9-A7AB87000AD0}.Release|x86.ActiveCfg = Release|Win32
		{C6B64E3E-FCAC-4422-ADB9-A7AB87000AD0}.Release|x86.Build.0 = Release|Win32
		{7CDC3B31-8B6C-443A-911B-2E75874AA6B8}.Debug|x64.ActiveCfg = Debug|x64
		{7CDC3B31-8B6C-443A-911B-2E75874AA6B8}.Debug|x64.Build.0 = Debug|x64
		{7CDC3B31-8B6C-443A-911B-2E75874AA6B8}.Debug|x86.ActiveCfg = Debug|Win32
		{7CDC3B31-8B6C-443A-911B-2E75874AA6B8}.Debug|x86.Build.0 = Debug|Win32
		{7CDC3B31-8B6C-443A-911B-2E75874AA6B8}.Release|x64.ActiveCfg = Release|x64
		{7CDC3B31-8B6C-443A-911B-2E75874AA6B8}.Release|x64.Build.0 = Release|x64
		{7CDC3B31-8B6C-443A-911B-2E75874AA6B8}.Release|x86.ActiveCfg = Release|Win32
		{7CDC3B31-8B6C-443A-911B-2E75874AA6B8}.Release|x86.Build.0 = Release|Win32
		{C825C1F1-C3C7-4971-B46F-B3B2A0889121}.Debug|x64.ActiveCfg = Debug|x64
		{C825C1F1-C3C7-4971-B46F-B3B2A0889121}.Debug|x64.Build.0 = Debug|x64
		{C825C1F1-C3C7-4971-B46F-B3B2A0889121}.Debug|x86.ActiveCfg = Debug|Win32
		{C825C1F1-C3C7-4971-B46F-B3B2A0889121}.Debug|x86.Build.0 = Debug|Win32
		{C825C1F1-C3C7-4971-B46F-B3B2A0889121}.Release|x64.ActiveCfg = Release|x64
		{C825C1F1-C3C7-4971-B46F-B3B2A0889121}.Release|x64.Build.0 = Release|x64
		{C825C1F1-C3C7-4971-B46F-B3B2A0889121}.Release|x86.ActiveCfg = Release|Win32
		{C825C1F1-C3C7-4971-B46F-B3B2A0889121}.Release|x86.Build.0 = Release|Win32
		{1B76056C-B86C-4934-BE92-9DEFB9A5632F}.Debug|x64.ActiveCfg = Debug|x64
		{1B76056C-B86C-4934-BE92-9DEFB9A5632F}.Debug|x64.Build.0 = Debug|x64
		{1B76056C-B86C-4934-BE92-9DEFB9A5632F}.Debug|x86.ActiveCfg = Debug|Win32
		{1B76056C-B86C-4934-BE92-9DEFB9A5632F}.Debug|x86.Build.0 = Debug|Win32
		{1B76056C-B86C-4934-BE92-9DEFB9A5632F}.Release|x64.ActiveCfg = Release|x64
		{1B76056C-B86C-4934-BE92-9DEFB9A5632F}.Release|x64.Build.0 = Release|x64
		{1B76056C-B86C-4934-BE92-9DEFB9A5632F}.Release|x86.ActiveCfg = Release|Win32
		{1B76056C-B86C-4934-BE92-9DEFB9A5632F}.Release|x86.Build.0 = Release|Win32
		{73F3D8F6-0F4A-4AEE-9B1F-744138EE37FB}.Debug|x64.ActiveCfg = Debug|x64
		{73F3D8F6-0F4A-4AEE-9B1F-744138EE37FB}.Debug|x64.Build.0 = Debug|x64
		{73F3D8F6-0F4A-4AEE-9B1F-744138EE37FB}.Debug|x86.ActiveCfg = Debug|Win32
		{73F3D8F6-0F4A-4AEE-9B1F-744138EE37FB}.Debug|x86.Build.0 = Debug|Win32
		{73F3D8F6-0F4A-4AEE-9B1F-744138EE37FB}.Release|x64.ActiveCfg = Release|x64
		{73F3D8F6-0F4A-4AEE-9B1F-744138EE37FB}.Release|x64.Build.0 = Release|x64
		{73F3D8F6-0F4A-4AEE-9B1F-744138EE37FB}.Release|x86.ActiveCfg = Release|Win32
		{73F3D8F6-0F4A-4AEE-9B1F-744138EE37FB}.Release|x86.Build.0 = Release|Win32
		{74F0964B-30ED-41D7-9AA3-735145E47397}.Debug|x64.ActiveCfg = Debug|x64
		{74F0964B-30ED-41D7-9AA3-735145E47397}.Debug|x64.Build.0 = Debug|x64
		{74F0964B-30ED-41D7-9AA3-735145E47397}.Debug|x86.ActiveCfg = Debug|Win32
		{74F0964B-30ED-41D7-9AA3-735145E47397}.Debug|x86.Build.0 = Debug|Win32
		{74F0964B-30ED-41D7-9AA3-735145E47397}.Release|x64.ActiveCfg = Release|x64
		{74F0964B-30ED-41D7-9AA3-735145E47397}.Release|x64.Build.0 = Release|x64
		{74F0964B-30ED-41D7-9AA3-735145E47397}.Release|x86.ActiveCfg = Release|Win32
		{74F0964B-30ED-41D7-9AA3-735145E47397}.Release|x86.Build.0 = Release|Win32
		{32AE3BB7-B53C-47AD-B2A2-AA9A4CA87866}.Debug|x64.ActiveCfg = Debug|x64
		{32AE3BB7-B53C-47AD-B2A2-AA9A4CA87866}.Debug|x64.Build.0 = Debug|x64
		{32AE3BB7-B53C-47AD-B2A2-AA9A4CA87866}.Debug|x86.ActiveCfg = Debug|Win32
		{32AE3BB7-B53C-47AD-B2A2-AA9A4CA87866}.Debug|x86.Build.0 = Debug|Win32
		{32AE3BB7-B53C-47AD-B2A2-AA9A4CA87866}.Release|x64.ActiveCfg = Release|x64
		{32AE3BB7-B53C-47AD-B2A2-AA9A4CA87866}.Release|x64.Build.0 = Release|x64
		{32AE3BB7-B53C-47AD-B2A2-AA9A4CA87866}.Release|x86.ActiveCfg = Release|Win32
		{32AE3BB7-B53C-47AD-B2A2-AA9A4CA87866}.Release|x86.Build.0 = Release|Win32
		{541C9467-4690-4878-8D04-E63FC23917BF}.Debug|x64.ActiveCfg = Debug|x64
		{541C9467-4690-4878-8D04-E63FC23917BF}.Debug|x64.Build.0 = Debug|x64
		{541C9467-4690-4878-8D04-E63FC23917BF}.Debug|x86.ActiveCfg = Debug|Win32
		{541C9467-4690-4878-8D04-E63FC23917BF}.Debug|x86.Build.0 = Debug|Win32
		{541C9467-4690-4878-8D04-E63FC23917BF}.Release|x64.ActiveCfg = Release|x64
		{541C9467-4690-4878-8D04-E63FC23917BF}.Release|x64.Build.0 = Release|x64
		{541C9467-4690-4878-8D04-E63FC23917BF}.Release|x86.ActiveCfg = Release|Win32
		{541C9467-4690-4878-8D04-E63FC23917BF}.Release|x86.Build.0 = Release|Win32
		{6FAA6AB9-E0F1-49B8-8DF9-1C1A2CA86B97}.Debug|x64.ActiveCfg = Debug|x64
		{6FAA6AB9-E0F1-49B8-8DF9-1C1A2CA86B97}.Debug|x64.Build.0 = Debug|x64
		{6FAA6AB9-E0F1-49B8-8DF9-1C1A2CA86B97}.Debug|x86.ActiveCfg = Debug|Win32
		{6FAA6AB9-E0F1-49B8-8DF9-1C1A2CA86B97}.Debug|x86.Build.0 = Debug|Win32
		{6FAA6AB9-E0F1-49B8-8DF9-1C1A2CA86B97}.Release|x64.ActiveCfg = Release|x64
		{6FAA6AB9-E0F1-49B8-8DF9-1C1A2CA86B97}.Release|x64.Build.0 = Release|x64
		{6FAA6AB9-E0F1-49B8-8DF9-1C1A2CA86B97}.Release|x86.ActiveCfg = Release|Win32
		{6FAA6AB9-E0F1-49B8-8DF9-1C1A2CA86B97}.Release|x86.Build.0 = Release|Win32
		{80E36712-280E-4536-B104-19BF352E078E}.Debug|x64.ActiveCfg = Debug|x64
		{80E36712-280E-4536-B104-19BF352E078E}.Debug|x64.Build.0 = Debug|x64
		{80E36712-280E-4536-B104-19BF352E078E}.Debug|x86.ActiveCfg = Debug|Win32
		{80E36712-280E-4536-B104-19BF352E078E}.Debug|x86.Build.0 = Debug|Win32
		{80E36712-280E-4536-B104-19BF352E078E}.Release|x64.ActiveCfg = Release|x64
		{80E36712-280E-4536-B104-19BF352E078E}.Release|x64.Build.0 = Release|x64
		{80E36712-280E-4536-B104-19BF352E078E}.Release|x86.ActiveCfg = Release|Win32
		{80E36712-280E-4536-B104-19BF352E078E}.Release|x86.Build.0 = Release|Win32
		{6F0C1B75-0724-4F22-9A2A-2A60AB046557}.Debug|x64.ActiveCfg = Debug|x64
		{6F0C1B75-0724-4F22-9A2A-2A60AB046557}.Debug|x64.Build.0 = Debug|x64
		{6F0C1B75-0724-4F22-9A2A-2A60AB046557}.Debug|x86.ActiveCfg = Debug|Win32
		{6F0C1B75-0724-4F22-9A2A-2A60AB046557}.Debug|x86.Build.0 = Debug|Win32
		{6F0C1B75-0724-4F22-9A2A-2A60AB046557}.Release|x64.ActiveCfg = Release|x64
		{6F0C1B75-0724-4F22-9A2A-2A60AB046557}.Release|x64.Build.0 = Release|x64
		{6F0C1B75-0724-4F22-9A2A-2A60AB046557}.Release|x86.ActiveCfg = Release|Win32
		{6F0C1B75-0724-4F22-9A2A-2A60AB046557}.Release|x86.Build.0 = Release|Win32
		{96143119-57B3-419D-95A5-CE0C8B910359}.Debug|x64.ActiveCfg = Debug|x64
		{96143119-57B3-419D-95A5-CE0C8B910359}.Debug|x64.Build.0 = Debug|x64
		{96143119-57B3-419D-95A5-CE0C8B910359}.Debug|x86.ActiveCfg = Debug|Win32
		{96143119-57B3-419D-95A5-CE0C8B910359}.Debug|x86.Build.0 = Debug|Win32
		{96143119-57B3-419D-95A5-CE0C8B910359}.Release|x64.ActiveCfg = Release|x64
		{96143119-57B3-419D-95A5-CE0C8B910359}.Release|x64.Build.0 = Release|x64
		{96143119-57B3-419D-95A5-CE0C8B910359}.Release|x86.ActiveCfg = Release|Win32
		{96143119-57B3-419D-95A5-CE0C8B910359}.Release|x86.Build.0 = Release|Win32
	EndGlobalSection
	GlobalSection(SolutionProperties) = preSolution
		HideSolutionNode = FALSE
	EndGlobalSection
	GlobalSection(NestedProjects) = preSolution
		{9DD1586D-E3CB-4057-B7B0-B61AF82AF624} = {73A9E037-B86F-42E1-88BA-CDA62574B2A7}
		{99B8C5B5-2441-43B3-B69B-813F32B66181} = {73A9E037-B86F-42E1-88BA-CDA62574B2A7}
		{F690F4BF-2806-4360-8406-19E5BE37E351} = {73A9E037-B86F-42E1-88BA-CDA62574B2A7}
		{3A7FB488-C5D2-4150-A178-C27FC9267CE7} = {73A9E037-B86F-42E1-88BA-CDA62574B2A7}
		{C6B64E3E-FCAC-4422-ADB9-A7AB87000AD0} = {73A9E037-B86F-42E1-88BA-CDA62574B2A7}
		{7CDC3B31-8B6C-443A-911B-2E75874AA6B8} = {73A9E037-B86F-42E1-88BA-CDA62574B2A7}
		{C825C1F1-C3C7-4971-B46F-B3B2A0889121} = {73A9E037-B86F-42E1-88BA-CDA62574B2A7}
		{1B76056C-B86C-4934-BE92-9DEFB9A5632F} = {73A9E037-B86F-42E1-88BA-CDA62574B2A7}
		{73F3D8F6-0F4A-4AEE-9B1F-744138EE37FB} = {73A9E037-B86F-42E1-88BA-CDA62574B2A7}
		{74F0964B-30ED-41D7-9AA3-735145E47397} = {289D5D56-E634-47E9-905A-3049B1549C3F}
		{32AE3BB7-B53C-47AD-B2A2-AA9A4CA87866} = {73A9E037-B86F-42E1-88BA-CDA62574B2A7}
		{541C9467-4690-4878-8D04-E63FC23917BF} = {351090F6-8AF7-45A9-BD32-49769275A550}
		{6FAA6AB9-E0F1-49B8-8DF9-1C1A2CA86B97} = {351090F6-8AF7-45A9-BD32-49769275A550}
		{80E36712-280E-4536-B104-19BF352E078E} = {351090F6-8AF7-45A9-BD32-49769275A550}
		{6F0C1B75-0724-4F22-9A2A-2A60AB046557} = {351090F6-8AF7-45A9-BD32-49769275A550}
		{96143119-57B3-419D-95A5-CE0C8B910359} = {351090F6-8AF7-45A9-BD32-49769275A550}
	EndGlobalSection
	GlobalSection(ExtensibilityGlobals) = postSolution
		SolutionGuid = {85640C5A-686C-43D8-8B81-5180C5989442}
	EndGlobalSection
EndGlobal
