
Microsoft Visual Studio Solution File, Format Version 12.00
# Visual Studio 15
VisualStudioVersion = 15.0.28307.1000
MinimumVisualStudioVersion = 10.0.40219.1
Project("{8BC9CEB8-8B4A-11D0-8D11-00A0C91BC942}") = "Ch01_01_Statements_and_Structure_of_Program", "Ch01_01_Statements_and_Structure_of_Program\Ch01_01_Statements_and_Structure_of_Program.vcxproj", "{9DD1586D-E3CB-4057-B7B0-B61AF82AF624}"
EndProject
Project("{2150E333-8FDC-42A3-9474-1A3956D46DE8}") = "Ch01_CPP_Basics", "Ch01_CPP_Basics", "{73A9E037-B86F-42E1-88BA-CDA62574B2A7}"
EndProject
Project("{8BC9CEB8-8B4A-11D0-8D11-00A0C91BC942}") = "Ch01_02_Comments", "Ch01_02_Comments\Ch01_02_Comments.vcxproj", "{99B8C5B5-2441-43B3-B69B-813F32B66181}"
EndProject
Project("{8BC9CEB8-8B4A-11D0-8D11-00A0C91BC942}") = "Ch01_03_Intro_to_variables", "Ch01_03_Intro_to_variables\Ch01_03_Intro_to_variables.vcxproj", "{F690F4BF-2806-4360-8406-19E5BE37E351}"
EndProject
Project("{8BC9CEB8-8B4A-11D0-8D11-00A0C91BC942}") = "Ch01_04_Variable_assignment_and_Initialization", "Ch01_04_Variable_assignment_and_Initialization\Ch01_04_Variable_assignment_and_Initialization.vcxproj", "{3A7FB488-C5D2-4150-A178-C27FC9267CE7}"
EndProject
Project("{8BC9CEB8-8B4A-11D0-8D11-00A0C91BC942}") = "Ch01_05_Intro_to_iostream", "Ch01_05_Intro_to_iostream\Ch01_05_Intro_to_iostream.vcxproj", "{C6B64E3E-FCAC-4422-ADB9-A7AB87000AD0}"
EndProject
Project("{8BC9CEB8-8B4A-11D0-8D11-00A0C91BC942}") = "Ch01_06_Uninitialized_variables_and_undefined_behavior", "Ch01_06_Uninitialized_variables_and_undefined_behavior\Ch01_06_Uninitialized_variables_and_undefined_behavior.vcxproj", "{7CDC3B31-8B6C-443A-911B-2E75874AA6B8}"
EndProject
Project("{8BC9CEB8-8B4A-11D0-8D11-00A0C91BC942}") = "Ch01_07_Keywords_and_naming_identifiers", "Ch01_07_Keywords_and_naming_identifiers\Ch01_07_Keywords_and_naming_identifiers.vcxproj", "{C825C1F1-C3C7-4971-B46F-B3B2A0889121}"
EndProject
Project("{8BC9CEB8-8B4A-11D0-8D11-00A0C91BC942}") = "Ch01_08_Intro_to_literals_and_operators", "Ch01_08_Intro_to_literals_and_operators\Ch01_08_Intro_to_literals_and_operators.vcxproj", "{1B76056C-B86C-4934-BE92-9DEFB9A5632F}"
EndProject
Project("{8BC9CEB8-8B4A-11D0-8D11-00A0C91BC942}") = "Ch01_09_Intro_to_expressions", "Ch01_09_Intro_to_expressions\Ch01_09_Intro_to_expressions.vcxproj", "{73F3D8F6-0F4A-4AEE-9B1F-744138EE37FB}"
EndProject
Project("{2150E333-8FDC-42A3-9474-1A3956D46DE8}") = "Ch00_Getting_Started", "Ch00_Getting_Started", "{289D5D56-E634-47E9-905A-3049B1549C3F}"
EndProject
Project("{8BC9CEB8-8B4A-11D0-8D11-00A0C91BC942}") = "Ch00_12_Choosing_a_language_stardard", "Ch00_12_Choosing_a_language_stardard\Ch00_12_Choosing_a_language_stardard.vcxproj", "{74F0964B-30ED-41D7-9AA3-735145E47397}"
EndProject
Project("{8BC9CEB8-8B4A-11D0-8D11-00A0C91BC942}") = "Ch01_10_Developing_first_program", "Ch01_10_Developing_first_program\Ch01_10_Developing_first_program.vcxproj", "{32AE3BB7-B53C-47AD-B2A2-AA9A4CA87866}"
EndProject
Project("{2150E333-8FDC-42A3-9474-1A3956D46DE8}") = "Ch02_Functions_and_Files", "Ch02_Functions_and_Files", "{351090F6-8AF7-45A9-BD32-49769275A550}"
EndProject
Project("{8BC9CEB8-8B4A-11D0-8D11-00A0C91BC942}") = "Ch02_01_Intro_to_functions", "Ch02_01_Intro_to_functions\Ch02_01_Intro_to_functions.vcxproj", "{541C9467-4690-4878-8D04-E63FC23917BF}"
EndProject
Project("{8BC9CEB8-8B4A-11D0-8D11-00A0C91BC942}") = "Ch02_02_Function_return_values", "Ch02_02_Function_return_values\Ch02_02_Function_return_values.vcxproj", "{6FAA6AB9-E0F1-49B8-8DF9-1C1A2CA86B97}"
EndProject
Project("{8BC9CEB8-8B4A-11D0-8D11-00A0C91BC942}") = "Ch02_03_Intro_to_function_para_and_arguments", "Ch02_03_Intro_to_function_para_and_arguments\Ch02_03_Intro_to_function_para_and_arguments.vcxproj", "{80E36712-280E-4536-B104-19BF352E078E}"
EndProject
Project("{8BC9CEB8-8B4A-11D0-8D11-00A0C91BC942}") = "Ch02_04_Intro_to_local_scope", "Ch02_04_Intro_to_local_scope\Ch02_04_Intro_to_local_scope.vcxproj", "{6F0C1B75-0724-4F22-9A2A-2A60AB046557}"
EndProject
Project("{8BC9CEB8-8B4A-11D0-8D11-00A0C91BC942}") = "Ch02_06_Whitespace_and_basic_formatting", "Ch02_06_Whitespace_and_basic_formatting\Ch02_06_Whitespace_and_basic_formatting.vcxproj", "{96143119-57B3-419D-95A5-CE0C8B910359}"
EndProject
Project("{8BC9CEB8-8B4A-11D0-8D11-00A0C91BC942}") = "Ch02_07_Forward_declarations_and_definitions", "Ch02_07_Forward_declarations_and_definitions\Ch02_07_Forward_declarations_and_definitions.vcxproj", "{B93476DA-6853-4C84-A2D1-FBB57DA286BA}"
EndProject
Project("{8BC9CEB8-8B4A-11D0-8D11-00A0C91BC942}") = "Ch02_08_Programs_with_multiple_code_files", "Ch02_08_Programs_with_multiple_code_files\Ch02_08_Programs_with_multiple_code_files.vcxproj", "{A0940E12-ACCA-44C5-A59B-DA6496A269B6}"
EndProject
Project("{8BC9CEB8-8B4A-11D0-8D11-00A0C91BC942}") = "Ch02_09_Naming_collisions_and_namespaces", "Ch02_09_Naming_collisions_and_namespaces\Ch02_09_Naming_collisions_and_namespaces.vcxproj", "{680FA4C1-9FA3-47D9-9CF9-D4145867C704}"
EndProject
Project("{8BC9CEB8-8B4A-11D0-8D11-00A0C91BC942}") = "Ch02_10_Intro_to_the_preprocessor", "Ch02_10_Intro_to_the_preprocessor\Ch02_10_Intro_to_the_preprocessor.vcxproj", "{689A58B6-26BA-4A96-B6A3-F58892A011EF}"
EndProject
Project("{8BC9CEB8-8B4A-11D0-8D11-00A0C91BC942}") = "Ch02_11_Header_files", "Ch02_11_Header_files\Ch02_11_Header_files.vcxproj", "{78D0ACB6-7DA0-4F35-A653-7683E0520FE4}"
EndProject
Project("{8BC9CEB8-8B4A-11D0-8D11-00A0C91BC942}") = "Ch02_12_Header_guards", "Ch02_12_Header_guards\Ch02_12_Header_guards.vcxproj", "{DC3DC85D-3AE4-420F-B191-DBB5361DDA21}"
EndProject
Project("{8BC9CEB8-8B4A-11D0-8D11-00A0C91BC942}") = "Ch02_13_How_to_design_your_first_program", "Ch02_13_How_to_design_your_first_program\Ch02_13_How_to_design_your_first_program.vcxproj", "{2F25ED13-7CAD-4157-88BC-CB1746CB9E4E}"
EndProject
Project("{2150E333-8FDC-42A3-9474-1A3956D46DE8}") = "Ch03_Debugging", "Ch03_Debugging", "{39403D76-4C4E-4DDC-9DDB-231FEDD0584A}"
EndProject
Project("{8BC9CEB8-8B4A-11D0-8D11-00A0C91BC942}") = "Ch03_06_Debugger_Stepping", "Ch03_06_Debugger_Stepping\Ch03_06_Debugger_Stepping.vcxproj", "{D0CC69C5-48C2-4978-8DFA-F3030BD4E5D2}"
EndProject
Project("{8BC9CEB8-8B4A-11D0-8D11-00A0C91BC942}") = "Ch03_07_Debugger_Running_and_breakpoints", "Ch03_07_Debugger_Running_and_breakpoints\Ch03_07_Debugger_Running_and_breakpoints.vcxproj", "{F3FA09B8-2130-491D-B079-A99FC8EE2817}"
EndProject
Project("{8BC9CEB8-8B4A-11D0-8D11-00A0C91BC942}") = "Ch03_08_Debugger_Watching_variables", "Ch03_08_Debugger_Watching_variables\Ch03_08_Debugger_Watching_variables.vcxproj", "{326ACAE8-E8F6-42EE-8005-2CA20530D04C}"
EndProject
Project("{8BC9CEB8-8B4A-11D0-8D11-00A0C91BC942}") = "Ch03_09_Debugger_The_call_stack", "Ch03_09_Debugger_The_call_stack\Ch03_09_Debugger_The_call_stack.vcxproj", "{5A771EDB-BEFB-4C0A-A8C2-B4A311A8F783}"
EndProject
Project("{2150E333-8FDC-42A3-9474-1A3956D46DE8}") = "Ch04_Fundamental_Data_Types", "Ch04_Fundamental_Data_Types", "{01ABC721-4A04-4150-B814-38AA30CEF932}"
EndProject
Project("{8BC9CEB8-8B4A-11D0-8D11-00A0C91BC942}") = "Ch04_03_Object_sizes", "Ch04_03_Object_sizes\Ch04_03_Object_sizes.vcxproj", "{DDA1968B-AB39-4F47-A7ED-4B4C7E5FDD64}"
EndProject
Project("{8BC9CEB8-8B4A-11D0-8D11-00A0C91BC942}") = "Ch04_04_Signed_integers", "Ch04_Signed_integers\Ch04_Signed_integers.vcxproj", "{7E411CC5-B068-4D2F-9DCB-A255FC22B837}"
EndProject
Project("{8BC9CEB8-8B4A-11D0-8D11-00A0C91BC942}") = "Ch04_05_Unsigned_integers", "Ch04_05_Unsigned_integers\Ch04_05_Unsigned_integers.vcxproj", "{E9EB6A93-05F6-4801-884B-843E5ADDEEA5}"
EndProject
Project("{8BC9CEB8-8B4A-11D0-8D11-00A0C91BC942}") = "Ch04_06_Fixed-width_integers_and_size_t", "Ch04_06_Fixed-width_integers_and_size_t\Ch04_06_Fixed-width_integers_and_size_t.vcxproj", "{E4BC7160-F355-4041-BE09-4DAE0D3F56A2}"
EndProject
Project("{8BC9CEB8-8B4A-11D0-8D11-00A0C91BC942}") = "Ch04_08_Floating_point_numbers", "Ch04_08_Floating_point_numbers\Ch04_08_Floating_point_numbers.vcxproj", "{7B6FCB85-3642-4AD9-8FB6-1D7B4714908F}"
EndProject
Project("{8BC9CEB8-8B4A-11D0-8D11-00A0C91BC942}") = "Ch04_09_Boolean_values", "Ch04_09_Boolean_values\Ch04_09_Boolean_values.vcxproj", "{ED2D6290-379E-4666-9E86-7A3035AB01CD}"
EndProject
Project("{8BC9CEB8-8B4A-11D0-8D11-00A0C91BC942}") = "Ch04_10_Intro_to_if_statements", "Ch04_10_Intro_to_if_statements\Ch04_10_Intro_to_if_statements.vcxproj", "{A5903DF0-6CFB-444F-8224-C800BB0105A9}"
EndProject
Project("{8BC9CEB8-8B4A-11D0-8D11-00A0C91BC942}") = "Ch04_11_Chars", "Ch04_11_Chars\Ch04_11_Chars.vcxproj", "{8EE40B64-136D-4E1B-9BB8-7774ACAF5344}"
EndProject
Project("{8BC9CEB8-8B4A-11D0-8D11-00A0C91BC942}") = "Ch04_12_Literal_constants", "Ch04_12_Literal_constants\Ch04_12_Literal_constants.vcxproj", "{D948CB27-97C4-4A95-A294-2C3BFF986E9A}"
EndProject
Project("{8BC9CEB8-8B4A-11D0-8D11-00A0C91BC942}") = "Ch04_13_Const,constexpr,and_symbolic_constants", "Ch04_13_Const,constexpr,and_symbolic_constants\Ch04_13_Const,constexpr,and_symbolic_constants.vcxproj", "{57A12612-F3F5-4A33-B6BC-FA8964809558}"
EndProject
Project("{2150E333-8FDC-42A3-9474-1A3956D46DE8}") = "Ch05_Operators", "Ch05_Operators", "{26A570EA-12B6-4ABF-8EA2-4B89A95C546E}"
EndProject
Project("{8BC9CEB8-8B4A-11D0-8D11-00A0C91BC942}") = "Ch05_02_Arithmetic_operators", "Ch05_02_Arithmetic_operators\Ch05_02_Arithmetic_operators.vcxproj", "{44058CD2-CBAE-496D-A943-328C1C948EFA}"
EndProject
Project("{8BC9CEB8-8B4A-11D0-8D11-00A0C91BC942}") = "Ch05_03_Modulus_and_Exponentiation", "Ch05_03_Modulus_and_Exponentiation\Ch05_03_Modulus_and_Exponentiation.vcxproj", "{B5E373E4-14AA-48B1-8A64-37D7F57A0848}"
EndProject
Project("{8BC9CEB8-8B4A-11D0-8D11-00A0C91BC942}") = "Ch05_04_Increment_decrement_operators", "Ch05_04_Increment_decrement_operators\Ch05_04_Increment_decrement_operators.vcxproj", "{F9F16922-42A2-411E-9FAF-E88FE950D83F}"
EndProject
Project("{8BC9CEB8-8B4A-11D0-8D11-00A0C91BC942}") = "Ch05_05_Comman_and_conditional_operators", "Ch05_05_Comman_and_conditional_operators\Ch05_05_Comman_and_conditional_operators.vcxproj", "{35D0AEFE-BFB8-40AA-BBDD-F7A97682E073}"
EndProject
Project("{8BC9CEB8-8B4A-11D0-8D11-00A0C91BC942}") = "Ch05_06_Floating_point_comparions", "Ch05_06_Floating_point_comparions\Ch05_06_Floating_point_comparions.vcxproj", "{241861C0-350F-469C-8A55-E63CBFCBDEBC}"
EndProject
Project("{8BC9CEB8-8B4A-11D0-8D11-00A0C91BC942}") = "ChO_1_Bit_flags_and_bit_manipulation", "ChO_1_Bit_flags_and_bit_manipulation\ChO_1_Bit_flags_and_bit_manipulation.vcxproj", "{0E4BA5F0-8D9B-4E29-AC18-E3BA0D03CB1D}"
EndProject
Project("{2150E333-8FDC-42A3-9474-1A3956D46DE8}") = "Ch05-2_Bit_Manipulation", "Ch05-2_Bit_Manipulation", "{B83E9822-A3A3-48C0-BDD9-12089C671F5E}"
EndProject
Project("{8BC9CEB8-8B4A-11D0-8D11-00A0C91BC942}") = "ChO_2_Bitwise_operators", "ChO_2_Bitwise_operators\ChO_2_Bitwise_operators.vcxproj", "{2B2B44FC-8CD9-4FC3-B5D3-792CC5BE389B}"
EndProject
Project("{8BC9CEB8-8B4A-11D0-8D11-00A0C91BC942}") = "ChO_3_Bit_manipulation", "ChO_3_Bit_manipulation\ChO_3_Bit_manipulation.vcxproj", "{8AD2D58B-5695-4987-AAC0-4F2FB2A6CDCE}"
EndProject
Project("{2150E333-8FDC-42A3-9474-1A3956D46DE8}") = "Ch06_Object_Scope_and_Conversions", "Ch06_Object_Scope_and_Conversions", "{CF006B5D-9A94-4250-8333-F251DF1A1122}"
EndProject
Project("{8BC9CEB8-8B4A-11D0-8D11-00A0C91BC942}") = "Ch06_01_Compound_statements_blocks", "Ch06_01_Compound_statements_blocks\Ch06_01_Compound_statements_blocks.vcxproj", "{C1036B1C-2BDB-489E-A0C5-3A085306340C}"
EndProject
Project("{8BC9CEB8-8B4A-11D0-8D11-00A0C91BC942}") = "Ch06_02_User-definied_namespaces", "Ch06_02_User-definied_namespaces\Ch06_02_User-definied_namespaces.vcxproj", "{C46A45C3-C61A-4193-B65C-354096ADC0AD}"
EndProject
Project("{8BC9CEB8-8B4A-11D0-8D11-00A0C91BC942}") = "Ch06_03_Local_variables", "Ch06_03_Local_variables\Ch06_03_Local_variables.vcxproj", "{37693328-CD6E-458A-B743-44EF8B27A792}"
EndProject
Project("{8BC9CEB8-8B4A-11D0-8D11-00A0C91BC942}") = "Ch06_04_Intro_to_global_variables", "Ch06_04_Intro_to_global_variables\Ch06_04_Intro_to_global_variables.vcxproj", "{3AE3EA0D-3B28-4CA9-A437-D8894945B43E}"
EndProject
Project("{8BC9CEB8-8B4A-11D0-8D11-00A0C91BC942}") = "Ch06_05_Variable_shadowing", "Ch06_05_Variable_shadowing\Ch06_05_Variable_shadowing.vcxproj", "{C5682B52-F8E7-4EAC-BE59-12E29A8B7AA0}"
EndProject
Project("{8BC9CEB8-8B4A-11D0-8D11-00A0C91BC942}") = "Ch06_06_Internal_linkage", "Ch06_06_Internal_linkage\Ch06_06_Internal_linkage.vcxproj", "{3F909D21-35E0-48AF-AB62-5A4DB5349B93}"
EndProject
Project("{8BC9CEB8-8B4A-11D0-8D11-00A0C91BC942}") = "Ch06_07_External_linkage", "Ch06_07_External_linkage\Ch06_07_External_linkage.vcxproj", "{31B41C47-2AFA-45CB-A087-6A08987F3A0C}"
EndProject
Project("{8BC9CEB8-8B4A-11D0-8D11-00A0C91BC942}") = "Ch06_08_Global_constants_and_inline_variables", "Ch06_08_Global_constants_and_inline_variables\Ch06_08_Global_constants_and_inline_variables.vcxproj", "{C7B46EE8-418B-45F3-88B7-0267FB3143A4}"
EndProject
Project("{8BC9CEB8-8B4A-11D0-8D11-00A0C91BC942}") = "Ch06_09_Avoid_global_variables", "Ch06_09_Avoid_global_variables\Ch06_09_Avoid_global_variables.vcxproj", "{AF2290C7-4116-422C-AE8D-AA5FCC0DD5D3}"
EndProject
Project("{8BC9CEB8-8B4A-11D0-8D11-00A0C91BC942}") = "Ch06_10_Static_local_variables", "Ch06_10_Static_local_variables\Ch06_10_Static_local_variables.vcxproj", "{BFBA260F-D3F0-4824-82C1-855E68676771}"
EndProject
Project("{8BC9CEB8-8B4A-11D0-8D11-00A0C91BC942}") = "Ch06_12_Using_statements", "Ch06_12_Using_statements\Ch06_12_Using_statements.vcxproj", "{12B28528-B9F4-4B54-9ECF-FD71664CCFC4}"
EndProject
Project("{8BC9CEB8-8B4A-11D0-8D11-00A0C91BC942}") = "Ch06_14_The_auto_keyword", "Ch06_14_The_auto_keyword\Ch06_14_The_auto_keyword.vcxproj", "{6CE391C1-2FBB-4756-860A-396F3A176D56}"
EndProject
Project("{8BC9CEB8-8B4A-11D0-8D11-00A0C91BC942}") = "Ch06_15_Implicit_type_conversion", "Ch06_15_Implicit_type_conversion\Ch06_15_Implicit_type_conversion.vcxproj", "{C55DEFE2-5BA6-4A38-A1D7-46E88436846F}"
EndProject
Project("{8BC9CEB8-8B4A-11D0-8D11-00A0C91BC942}") = "Ch06_16_Explicit_type_conversion_and_static_cast", "Ch06_16_Explicit_type_conversion_and_static_cast\Ch06_16_Explicit_type_conversion_and_static_cast.vcxproj", "{E2EBE0AD-E7FF-4BF6-8DE4-65BB2A7336FD}"
EndProject
Project("{8BC9CEB8-8B4A-11D0-8D11-00A0C91BC942}") = "Ch06_17_Unnamed_and_inline_namespaces", "Ch06_17_Unnamed_and_inline_namespaces\Ch06_17_Unnamed_and_inline_namespaces.vcxproj", "{923CCCC9-0B33-40A1-814A-0ECED4BB74D4}"
EndProject
Project("{2150E333-8FDC-42A3-9474-1A3956D46DE8}") = "Ch06-2_Compound_Types", "Ch06-2_Compound_Types", "{9A87783B-496E-4B07-AABC-5FE541632D1B}"
EndProject
Project("{8BC9CEB8-8B4A-11D0-8D11-00A0C91BC942}") = "ChS_01_Intro_to_std_string", "ChS_01_Intro_to_std_string\ChS_01_Intro_to_std_string.vcxproj", "{776E985E-8820-4BF8-AEFC-2E660E79B433}"
EndProject
Project("{8BC9CEB8-8B4A-11D0-8D11-00A0C91BC942}") = "ChS_02_Enumerated_types", "ChS_02_Enumerated_types\ChS_02_Enumerated_types.vcxproj", "{FEB1E8D4-DADF-40C3-AF29-38819CDA848A}"
EndProject
Project("{8BC9CEB8-8B4A-11D0-8D11-00A0C91BC942}") = "ChS_03_Enum_classes", "ChS_03_Enum_classes\ChS_03_Enum_classes.vcxproj", "{968AFE12-9451-4E3D-B2E5-FF43E8AD46BC}"
EndProject
Global
	GlobalSection(SolutionConfigurationPlatforms) = preSolution
		Debug|x64 = Debug|x64
		Debug|x86 = Debug|x86
		Release|x64 = Release|x64
		Release|x86 = Release|x86
	EndGlobalSection
	GlobalSection(ProjectConfigurationPlatforms) = postSolution
		{9DD1586D-E3CB-4057-B7B0-B61AF82AF624}.Debug|x64.ActiveCfg = Debug|x64
		{9DD1586D-E3CB-4057-B7B0-B61AF82AF624}.Debug|x64.Build.0 = Debug|x64
		{9DD1586D-E3CB-4057-B7B0-B61AF82AF624}.Debug|x86.ActiveCfg = Debug|Win32
		{9DD1586D-E3CB-4057-B7B0-B61AF82AF624}.Debug|x86.Build.0 = Debug|Win32
		{9DD1586D-E3CB-4057-B7B0-B61AF82AF624}.Release|x64.ActiveCfg = Release|x64
		{9DD1586D-E3CB-4057-B7B0-B61AF82AF624}.Release|x64.Build.0 = Release|x64
		{9DD1586D-E3CB-4057-B7B0-B61AF82AF624}.Release|x86.ActiveCfg = Release|Win32
		{9DD1586D-E3CB-4057-B7B0-B61AF82AF624}.Release|x86.Build.0 = Release|Win32
		{99B8C5B5-2441-43B3-B69B-813F32B66181}.Debug|x64.ActiveCfg = Debug|x64
		{99B8C5B5-2441-43B3-B69B-813F32B66181}.Debug|x64.Build.0 = Debug|x64
		{99B8C5B5-2441-43B3-B69B-813F32B66181}.Debug|x86.ActiveCfg = Debug|Win32
		{99B8C5B5-2441-43B3-B69B-813F32B66181}.Debug|x86.Build.0 = Debug|Win32
		{99B8C5B5-2441-43B3-B69B-813F32B66181}.Release|x64.ActiveCfg = Release|x64
		{99B8C5B5-2441-43B3-B69B-813F32B66181}.Release|x64.Build.0 = Release|x64
		{99B8C5B5-2441-43B3-B69B-813F32B66181}.Release|x86.ActiveCfg = Release|Win32
		{99B8C5B5-2441-43B3-B69B-813F32B66181}.Release|x86.Build.0 = Release|Win32
		{F690F4BF-2806-4360-8406-19E5BE37E351}.Debug|x64.ActiveCfg = Debug|x64
		{F690F4BF-2806-4360-8406-19E5BE37E351}.Debug|x64.Build.0 = Debug|x64
		{F690F4BF-2806-4360-8406-19E5BE37E351}.Debug|x86.ActiveCfg = Debug|Win32
		{F690F4BF-2806-4360-8406-19E5BE37E351}.Debug|x86.Build.0 = Debug|Win32
		{F690F4BF-2806-4360-8406-19E5BE37E351}.Release|x64.ActiveCfg = Release|x64
		{F690F4BF-2806-4360-8406-19E5BE37E351}.Release|x64.Build.0 = Release|x64
		{F690F4BF-2806-4360-8406-19E5BE37E351}.Release|x86.ActiveCfg = Release|Win32
		{F690F4BF-2806-4360-8406-19E5BE37E351}.Release|x86.Build.0 = Release|Win32
		{3A7FB488-C5D2-4150-A178-C27FC9267CE7}.Debug|x64.ActiveCfg = Debug|x64
		{3A7FB488-C5D2-4150-A178-C27FC9267CE7}.Debug|x64.Build.0 = Debug|x64
		{3A7FB488-C5D2-4150-A178-C27FC9267CE7}.Debug|x86.ActiveCfg = Debug|Win32
		{3A7FB488-C5D2-4150-A178-C27FC9267CE7}.Debug|x86.Build.0 = Debug|Win32
		{3A7FB488-C5D2-4150-A178-C27FC9267CE7}.Release|x64.ActiveCfg = Release|x64
		{3A7FB488-C5D2-4150-A178-C27FC9267CE7}.Release|x64.Build.0 = Release|x64
		{3A7FB488-C5D2-4150-A178-C27FC9267CE7}.Release|x86.ActiveCfg = Release|Win32
		{3A7FB488-C5D2-4150-A178-C27FC9267CE7}.Release|x86.Build.0 = Release|Win32
		{C6B64E3E-FCAC-4422-ADB9-A7AB87000AD0}.Debug|x64.ActiveCfg = Debug|x64
		{C6B64E3E-FCAC-4422-ADB9-A7AB87000AD0}.Debug|x64.Build.0 = Debug|x64
		{C6B64E3E-FCAC-4422-ADB9-A7AB87000AD0}.Debug|x86.ActiveCfg = Debug|Win32
		{C6B64E3E-FCAC-4422-ADB9-A7AB87000AD0}.Debug|x86.Build.0 = Debug|Win32
		{C6B64E3E-FCAC-4422-ADB9-A7AB87000AD0}.Release|x64.ActiveCfg = Release|x64
		{C6B64E3E-FCAC-4422-ADB9-A7AB87000AD0}.Release|x64.Build.0 = Release|x64
		{C6B64E3E-FCAC-4422-ADB9-A7AB87000AD0}.Release|x86.ActiveCfg = Release|Win32
		{C6B64E3E-FCAC-4422-ADB9-A7AB87000AD0}.Release|x86.Build.0 = Release|Win32
		{7CDC3B31-8B6C-443A-911B-2E75874AA6B8}.Debug|x64.ActiveCfg = Debug|x64
		{7CDC3B31-8B6C-443A-911B-2E75874AA6B8}.Debug|x64.Build.0 = Debug|x64
		{7CDC3B31-8B6C-443A-911B-2E75874AA6B8}.Debug|x86.ActiveCfg = Debug|Win32
		{7CDC3B31-8B6C-443A-911B-2E75874AA6B8}.Debug|x86.Build.0 = Debug|Win32
		{7CDC3B31-8B6C-443A-911B-2E75874AA6B8}.Release|x64.ActiveCfg = Release|x64
		{7CDC3B31-8B6C-443A-911B-2E75874AA6B8}.Release|x64.Build.0 = Release|x64
		{7CDC3B31-8B6C-443A-911B-2E75874AA6B8}.Release|x86.ActiveCfg = Release|Win32
		{7CDC3B31-8B6C-443A-911B-2E75874AA6B8}.Release|x86.Build.0 = Release|Win32
		{C825C1F1-C3C7-4971-B46F-B3B2A0889121}.Debug|x64.ActiveCfg = Debug|x64
		{C825C1F1-C3C7-4971-B46F-B3B2A0889121}.Debug|x64.Build.0 = Debug|x64
		{C825C1F1-C3C7-4971-B46F-B3B2A0889121}.Debug|x86.ActiveCfg = Debug|Win32
		{C825C1F1-C3C7-4971-B46F-B3B2A0889121}.Debug|x86.Build.0 = Debug|Win32
		{C825C1F1-C3C7-4971-B46F-B3B2A0889121}.Release|x64.ActiveCfg = Release|x64
		{C825C1F1-C3C7-4971-B46F-B3B2A0889121}.Release|x64.Build.0 = Release|x64
		{C825C1F1-C3C7-4971-B46F-B3B2A0889121}.Release|x86.ActiveCfg = Release|Win32
		{C825C1F1-C3C7-4971-B46F-B3B2A0889121}.Release|x86.Build.0 = Release|Win32
		{1B76056C-B86C-4934-BE92-9DEFB9A5632F}.Debug|x64.ActiveCfg = Debug|x64
		{1B76056C-B86C-4934-BE92-9DEFB9A5632F}.Debug|x64.Build.0 = Debug|x64
		{1B76056C-B86C-4934-BE92-9DEFB9A5632F}.Debug|x86.ActiveCfg = Debug|Win32
		{1B76056C-B86C-4934-BE92-9DEFB9A5632F}.Debug|x86.Build.0 = Debug|Win32
		{1B76056C-B86C-4934-BE92-9DEFB9A5632F}.Release|x64.ActiveCfg = Release|x64
		{1B76056C-B86C-4934-BE92-9DEFB9A5632F}.Release|x64.Build.0 = Release|x64
		{1B76056C-B86C-4934-BE92-9DEFB9A5632F}.Release|x86.ActiveCfg = Release|Win32
		{1B76056C-B86C-4934-BE92-9DEFB9A5632F}.Release|x86.Build.0 = Release|Win32
		{73F3D8F6-0F4A-4AEE-9B1F-744138EE37FB}.Debug|x64.ActiveCfg = Debug|x64
		{73F3D8F6-0F4A-4AEE-9B1F-744138EE37FB}.Debug|x64.Build.0 = Debug|x64
		{73F3D8F6-0F4A-4AEE-9B1F-744138EE37FB}.Debug|x86.ActiveCfg = Debug|Win32
		{73F3D8F6-0F4A-4AEE-9B1F-744138EE37FB}.Debug|x86.Build.0 = Debug|Win32
		{73F3D8F6-0F4A-4AEE-9B1F-744138EE37FB}.Release|x64.ActiveCfg = Release|x64
		{73F3D8F6-0F4A-4AEE-9B1F-744138EE37FB}.Release|x64.Build.0 = Release|x64
		{73F3D8F6-0F4A-4AEE-9B1F-744138EE37FB}.Release|x86.ActiveCfg = Release|Win32
		{73F3D8F6-0F4A-4AEE-9B1F-744138EE37FB}.Release|x86.Build.0 = Release|Win32
		{74F0964B-30ED-41D7-9AA3-735145E47397}.Debug|x64.ActiveCfg = Debug|x64
		{74F0964B-30ED-41D7-9AA3-735145E47397}.Debug|x64.Build.0 = Debug|x64
		{74F0964B-30ED-41D7-9AA3-735145E47397}.Debug|x86.ActiveCfg = Debug|Win32
		{74F0964B-30ED-41D7-9AA3-735145E47397}.Debug|x86.Build.0 = Debug|Win32
		{74F0964B-30ED-41D7-9AA3-735145E47397}.Release|x64.ActiveCfg = Release|x64
		{74F0964B-30ED-41D7-9AA3-735145E47397}.Release|x64.Build.0 = Release|x64
		{74F0964B-30ED-41D7-9AA3-735145E47397}.Release|x86.ActiveCfg = Release|Win32
		{74F0964B-30ED-41D7-9AA3-735145E47397}.Release|x86.Build.0 = Release|Win32
		{32AE3BB7-B53C-47AD-B2A2-AA9A4CA87866}.Debug|x64.ActiveCfg = Debug|x64
		{32AE3BB7-B53C-47AD-B2A2-AA9A4CA87866}.Debug|x64.Build.0 = Debug|x64
		{32AE3BB7-B53C-47AD-B2A2-AA9A4CA87866}.Debug|x86.ActiveCfg = Debug|Win32
		{32AE3BB7-B53C-47AD-B2A2-AA9A4CA87866}.Debug|x86.Build.0 = Debug|Win32
		{32AE3BB7-B53C-47AD-B2A2-AA9A4CA87866}.Release|x64.ActiveCfg = Release|x64
		{32AE3BB7-B53C-47AD-B2A2-AA9A4CA87866}.Release|x64.Build.0 = Release|x64
		{32AE3BB7-B53C-47AD-B2A2-AA9A4CA87866}.Release|x86.ActiveCfg = Release|Win32
		{32AE3BB7-B53C-47AD-B2A2-AA9A4CA87866}.Release|x86.Build.0 = Release|Win32
		{541C9467-4690-4878-8D04-E63FC23917BF}.Debug|x64.ActiveCfg = Debug|x64
		{541C9467-4690-4878-8D04-E63FC23917BF}.Debug|x64.Build.0 = Debug|x64
		{541C9467-4690-4878-8D04-E63FC23917BF}.Debug|x86.ActiveCfg = Debug|Win32
		{541C9467-4690-4878-8D04-E63FC23917BF}.Debug|x86.Build.0 = Debug|Win32
		{541C9467-4690-4878-8D04-E63FC23917BF}.Release|x64.ActiveCfg = Release|x64
		{541C9467-4690-4878-8D04-E63FC23917BF}.Release|x64.Build.0 = Release|x64
		{541C9467-4690-4878-8D04-E63FC23917BF}.Release|x86.ActiveCfg = Release|Win32
		{541C9467-4690-4878-8D04-E63FC23917BF}.Release|x86.Build.0 = Release|Win32
		{6FAA6AB9-E0F1-49B8-8DF9-1C1A2CA86B97}.Debug|x64.ActiveCfg = Debug|x64
		{6FAA6AB9-E0F1-49B8-8DF9-1C1A2CA86B97}.Debug|x64.Build.0 = Debug|x64
		{6FAA6AB9-E0F1-49B8-8DF9-1C1A2CA86B97}.Debug|x86.ActiveCfg = Debug|Win32
		{6FAA6AB9-E0F1-49B8-8DF9-1C1A2CA86B97}.Debug|x86.Build.0 = Debug|Win32
		{6FAA6AB9-E0F1-49B8-8DF9-1C1A2CA86B97}.Release|x64.ActiveCfg = Release|x64
		{6FAA6AB9-E0F1-49B8-8DF9-1C1A2CA86B97}.Release|x64.Build.0 = Release|x64
		{6FAA6AB9-E0F1-49B8-8DF9-1C1A2CA86B97}.Release|x86.ActiveCfg = Release|Win32
		{6FAA6AB9-E0F1-49B8-8DF9-1C1A2CA86B97}.Release|x86.Build.0 = Release|Win32
		{80E36712-280E-4536-B104-19BF352E078E}.Debug|x64.ActiveCfg = Debug|x64
		{80E36712-280E-4536-B104-19BF352E078E}.Debug|x64.Build.0 = Debug|x64
		{80E36712-280E-4536-B104-19BF352E078E}.Debug|x86.ActiveCfg = Debug|Win32
		{80E36712-280E-4536-B104-19BF352E078E}.Debug|x86.Build.0 = Debug|Win32
		{80E36712-280E-4536-B104-19BF352E078E}.Release|x64.ActiveCfg = Release|x64
		{80E36712-280E-4536-B104-19BF352E078E}.Release|x64.Build.0 = Release|x64
		{80E36712-280E-4536-B104-19BF352E078E}.Release|x86.ActiveCfg = Release|Win32
		{80E36712-280E-4536-B104-19BF352E078E}.Release|x86.Build.0 = Release|Win32
		{6F0C1B75-0724-4F22-9A2A-2A60AB046557}.Debug|x64.ActiveCfg = Debug|x64
		{6F0C1B75-0724-4F22-9A2A-2A60AB046557}.Debug|x64.Build.0 = Debug|x64
		{6F0C1B75-0724-4F22-9A2A-2A60AB046557}.Debug|x86.ActiveCfg = Debug|Win32
		{6F0C1B75-0724-4F22-9A2A-2A60AB046557}.Debug|x86.Build.0 = Debug|Win32
		{6F0C1B75-0724-4F22-9A2A-2A60AB046557}.Release|x64.ActiveCfg = Release|x64
		{6F0C1B75-0724-4F22-9A2A-2A60AB046557}.Release|x64.Build.0 = Release|x64
		{6F0C1B75-0724-4F22-9A2A-2A60AB046557}.Release|x86.ActiveCfg = Release|Win32
		{6F0C1B75-0724-4F22-9A2A-2A60AB046557}.Release|x86.Build.0 = Release|Win32
		{96143119-57B3-419D-95A5-CE0C8B910359}.Debug|x64.ActiveCfg = Debug|x64
		{96143119-57B3-419D-95A5-CE0C8B910359}.Debug|x64.Build.0 = Debug|x64
		{96143119-57B3-419D-95A5-CE0C8B910359}.Debug|x86.ActiveCfg = Debug|Win32
		{96143119-57B3-419D-95A5-CE0C8B910359}.Debug|x86.Build.0 = Debug|Win32
		{96143119-57B3-419D-95A5-CE0C8B910359}.Release|x64.ActiveCfg = Release|x64
		{96143119-57B3-419D-95A5-CE0C8B910359}.Release|x64.Build.0 = Release|x64
		{96143119-57B3-419D-95A5-CE0C8B910359}.Release|x86.ActiveCfg = Release|Win32
		{96143119-57B3-419D-95A5-CE0C8B910359}.Release|x86.Build.0 = Release|Win32
		{B93476DA-6853-4C84-A2D1-FBB57DA286BA}.Debug|x64.ActiveCfg = Debug|x64
		{B93476DA-6853-4C84-A2D1-FBB57DA286BA}.Debug|x64.Build.0 = Debug|x64
		{B93476DA-6853-4C84-A2D1-FBB57DA286BA}.Debug|x86.ActiveCfg = Debug|Win32
		{B93476DA-6853-4C84-A2D1-FBB57DA286BA}.Debug|x86.Build.0 = Debug|Win32
		{B93476DA-6853-4C84-A2D1-FBB57DA286BA}.Release|x64.ActiveCfg = Release|x64
		{B93476DA-6853-4C84-A2D1-FBB57DA286BA}.Release|x64.Build.0 = Release|x64
		{B93476DA-6853-4C84-A2D1-FBB57DA286BA}.Release|x86.ActiveCfg = Release|Win32
		{B93476DA-6853-4C84-A2D1-FBB57DA286BA}.Release|x86.Build.0 = Release|Win32
		{A0940E12-ACCA-44C5-A59B-DA6496A269B6}.Debug|x64.ActiveCfg = Debug|x64
		{A0940E12-ACCA-44C5-A59B-DA6496A269B6}.Debug|x64.Build.0 = Debug|x64
		{A0940E12-ACCA-44C5-A59B-DA6496A269B6}.Debug|x86.ActiveCfg = Debug|Win32
		{A0940E12-ACCA-44C5-A59B-DA6496A269B6}.Debug|x86.Build.0 = Debug|Win32
		{A0940E12-ACCA-44C5-A59B-DA6496A269B6}.Release|x64.ActiveCfg = Release|x64
		{A0940E12-ACCA-44C5-A59B-DA6496A269B6}.Release|x64.Build.0 = Release|x64
		{A0940E12-ACCA-44C5-A59B-DA6496A269B6}.Release|x86.ActiveCfg = Release|Win32
		{A0940E12-ACCA-44C5-A59B-DA6496A269B6}.Release|x86.Build.0 = Release|Win32
		{680FA4C1-9FA3-47D9-9CF9-D4145867C704}.Debug|x64.ActiveCfg = Debug|x64
		{680FA4C1-9FA3-47D9-9CF9-D4145867C704}.Debug|x64.Build.0 = Debug|x64
		{680FA4C1-9FA3-47D9-9CF9-D4145867C704}.Debug|x86.ActiveCfg = Debug|Win32
		{680FA4C1-9FA3-47D9-9CF9-D4145867C704}.Debug|x86.Build.0 = Debug|Win32
		{680FA4C1-9FA3-47D9-9CF9-D4145867C704}.Release|x64.ActiveCfg = Release|x64
		{680FA4C1-9FA3-47D9-9CF9-D4145867C704}.Release|x64.Build.0 = Release|x64
		{680FA4C1-9FA3-47D9-9CF9-D4145867C704}.Release|x86.ActiveCfg = Release|Win32
		{680FA4C1-9FA3-47D9-9CF9-D4145867C704}.Release|x86.Build.0 = Release|Win32
		{689A58B6-26BA-4A96-B6A3-F58892A011EF}.Debug|x64.ActiveCfg = Debug|x64
		{689A58B6-26BA-4A96-B6A3-F58892A011EF}.Debug|x64.Build.0 = Debug|x64
		{689A58B6-26BA-4A96-B6A3-F58892A011EF}.Debug|x86.ActiveCfg = Debug|Win32
		{689A58B6-26BA-4A96-B6A3-F58892A011EF}.Debug|x86.Build.0 = Debug|Win32
		{689A58B6-26BA-4A96-B6A3-F58892A011EF}.Release|x64.ActiveCfg = Release|x64
		{689A58B6-26BA-4A96-B6A3-F58892A011EF}.Release|x64.Build.0 = Release|x64
		{689A58B6-26BA-4A96-B6A3-F58892A011EF}.Release|x86.ActiveCfg = Release|Win32
		{689A58B6-26BA-4A96-B6A3-F58892A011EF}.Release|x86.Build.0 = Release|Win32
		{78D0ACB6-7DA0-4F35-A653-7683E0520FE4}.Debug|x64.ActiveCfg = Debug|x64
		{78D0ACB6-7DA0-4F35-A653-7683E0520FE4}.Debug|x64.Build.0 = Debug|x64
		{78D0ACB6-7DA0-4F35-A653-7683E0520FE4}.Debug|x86.ActiveCfg = Debug|Win32
		{78D0ACB6-7DA0-4F35-A653-7683E0520FE4}.Debug|x86.Build.0 = Debug|Win32
		{78D0ACB6-7DA0-4F35-A653-7683E0520FE4}.Release|x64.ActiveCfg = Release|x64
		{78D0ACB6-7DA0-4F35-A653-7683E0520FE4}.Release|x64.Build.0 = Release|x64
		{78D0ACB6-7DA0-4F35-A653-7683E0520FE4}.Release|x86.ActiveCfg = Release|Win32
		{78D0ACB6-7DA0-4F35-A653-7683E0520FE4}.Release|x86.Build.0 = Release|Win32
		{DC3DC85D-3AE4-420F-B191-DBB5361DDA21}.Debug|x64.ActiveCfg = Debug|x64
		{DC3DC85D-3AE4-420F-B191-DBB5361DDA21}.Debug|x64.Build.0 = Debug|x64
		{DC3DC85D-3AE4-420F-B191-DBB5361DDA21}.Debug|x86.ActiveCfg = Debug|Win32
		{DC3DC85D-3AE4-420F-B191-DBB5361DDA21}.Debug|x86.Build.0 = Debug|Win32
		{DC3DC85D-3AE4-420F-B191-DBB5361DDA21}.Release|x64.ActiveCfg = Release|x64
		{DC3DC85D-3AE4-420F-B191-DBB5361DDA21}.Release|x64.Build.0 = Release|x64
		{DC3DC85D-3AE4-420F-B191-DBB5361DDA21}.Release|x86.ActiveCfg = Release|Win32
		{DC3DC85D-3AE4-420F-B191-DBB5361DDA21}.Release|x86.Build.0 = Release|Win32
		{2F25ED13-7CAD-4157-88BC-CB1746CB9E4E}.Debug|x64.ActiveCfg = Debug|x64
		{2F25ED13-7CAD-4157-88BC-CB1746CB9E4E}.Debug|x64.Build.0 = Debug|x64
		{2F25ED13-7CAD-4157-88BC-CB1746CB9E4E}.Debug|x86.ActiveCfg = Debug|Win32
		{2F25ED13-7CAD-4157-88BC-CB1746CB9E4E}.Debug|x86.Build.0 = Debug|Win32
		{2F25ED13-7CAD-4157-88BC-CB1746CB9E4E}.Release|x64.ActiveCfg = Release|x64
		{2F25ED13-7CAD-4157-88BC-CB1746CB9E4E}.Release|x64.Build.0 = Release|x64
		{2F25ED13-7CAD-4157-88BC-CB1746CB9E4E}.Release|x86.ActiveCfg = Release|Win32
		{2F25ED13-7CAD-4157-88BC-CB1746CB9E4E}.Release|x86.Build.0 = Release|Win32
		{D0CC69C5-48C2-4978-8DFA-F3030BD4E5D2}.Debug|x64.ActiveCfg = Debug|x64
		{D0CC69C5-48C2-4978-8DFA-F3030BD4E5D2}.Debug|x64.Build.0 = Debug|x64
		{D0CC69C5-48C2-4978-8DFA-F3030BD4E5D2}.Debug|x86.ActiveCfg = Debug|Win32
		{D0CC69C5-48C2-4978-8DFA-F3030BD4E5D2}.Debug|x86.Build.0 = Debug|Win32
		{D0CC69C5-48C2-4978-8DFA-F3030BD4E5D2}.Release|x64.ActiveCfg = Release|x64
		{D0CC69C5-48C2-4978-8DFA-F3030BD4E5D2}.Release|x64.Build.0 = Release|x64
		{D0CC69C5-48C2-4978-8DFA-F3030BD4E5D2}.Release|x86.ActiveCfg = Release|Win32
		{D0CC69C5-48C2-4978-8DFA-F3030BD4E5D2}.Release|x86.Build.0 = Release|Win32
		{F3FA09B8-2130-491D-B079-A99FC8EE2817}.Debug|x64.ActiveCfg = Debug|x64
		{F3FA09B8-2130-491D-B079-A99FC8EE2817}.Debug|x64.Build.0 = Debug|x64
		{F3FA09B8-2130-491D-B079-A99FC8EE2817}.Debug|x86.ActiveCfg = Debug|Win32
		{F3FA09B8-2130-491D-B079-A99FC8EE2817}.Debug|x86.Build.0 = Debug|Win32
		{F3FA09B8-2130-491D-B079-A99FC8EE2817}.Release|x64.ActiveCfg = Release|x64
		{F3FA09B8-2130-491D-B079-A99FC8EE2817}.Release|x64.Build.0 = Release|x64
		{F3FA09B8-2130-491D-B079-A99FC8EE2817}.Release|x86.ActiveCfg = Release|Win32
		{F3FA09B8-2130-491D-B079-A99FC8EE2817}.Release|x86.Build.0 = Release|Win32
		{326ACAE8-E8F6-42EE-8005-2CA20530D04C}.Debug|x64.ActiveCfg = Debug|x64
		{326ACAE8-E8F6-42EE-8005-2CA20530D04C}.Debug|x64.Build.0 = Debug|x64
		{326ACAE8-E8F6-42EE-8005-2CA20530D04C}.Debug|x86.ActiveCfg = Debug|Win32
		{326ACAE8-E8F6-42EE-8005-2CA20530D04C}.Debug|x86.Build.0 = Debug|Win32
		{326ACAE8-E8F6-42EE-8005-2CA20530D04C}.Release|x64.ActiveCfg = Release|x64
		{326ACAE8-E8F6-42EE-8005-2CA20530D04C}.Release|x64.Build.0 = Release|x64
		{326ACAE8-E8F6-42EE-8005-2CA20530D04C}.Release|x86.ActiveCfg = Release|Win32
		{326ACAE8-E8F6-42EE-8005-2CA20530D04C}.Release|x86.Build.0 = Release|Win32
		{5A771EDB-BEFB-4C0A-A8C2-B4A311A8F783}.Debug|x64.ActiveCfg = Debug|x64
		{5A771EDB-BEFB-4C0A-A8C2-B4A311A8F783}.Debug|x64.Build.0 = Debug|x64
		{5A771EDB-BEFB-4C0A-A8C2-B4A311A8F783}.Debug|x86.ActiveCfg = Debug|Win32
		{5A771EDB-BEFB-4C0A-A8C2-B4A311A8F783}.Debug|x86.Build.0 = Debug|Win32
		{5A771EDB-BEFB-4C0A-A8C2-B4A311A8F783}.Release|x64.ActiveCfg = Release|x64
		{5A771EDB-BEFB-4C0A-A8C2-B4A311A8F783}.Release|x64.Build.0 = Release|x64
		{5A771EDB-BEFB-4C0A-A8C2-B4A311A8F783}.Release|x86.ActiveCfg = Release|Win32
		{5A771EDB-BEFB-4C0A-A8C2-B4A311A8F783}.Release|x86.Build.0 = Release|Win32
		{DDA1968B-AB39-4F47-A7ED-4B4C7E5FDD64}.Debug|x64.ActiveCfg = Debug|x64
		{DDA1968B-AB39-4F47-A7ED-4B4C7E5FDD64}.Debug|x64.Build.0 = Debug|x64
		{DDA1968B-AB39-4F47-A7ED-4B4C7E5FDD64}.Debug|x86.ActiveCfg = Debug|Win32
		{DDA1968B-AB39-4F47-A7ED-4B4C7E5FDD64}.Debug|x86.Build.0 = Debug|Win32
		{DDA1968B-AB39-4F47-A7ED-4B4C7E5FDD64}.Release|x64.ActiveCfg = Release|x64
		{DDA1968B-AB39-4F47-A7ED-4B4C7E5FDD64}.Release|x64.Build.0 = Release|x64
		{DDA1968B-AB39-4F47-A7ED-4B4C7E5FDD64}.Release|x86.ActiveCfg = Release|Win32
		{DDA1968B-AB39-4F47-A7ED-4B4C7E5FDD64}.Release|x86.Build.0 = Release|Win32
		{7E411CC5-B068-4D2F-9DCB-A255FC22B837}.Debug|x64.ActiveCfg = Debug|x64
		{7E411CC5-B068-4D2F-9DCB-A255FC22B837}.Debug|x64.Build.0 = Debug|x64
		{7E411CC5-B068-4D2F-9DCB-A255FC22B837}.Debug|x86.ActiveCfg = Debug|Win32
		{7E411CC5-B068-4D2F-9DCB-A255FC22B837}.Debug|x86.Build.0 = Debug|Win32
		{7E411CC5-B068-4D2F-9DCB-A255FC22B837}.Release|x64.ActiveCfg = Release|x64
		{7E411CC5-B068-4D2F-9DCB-A255FC22B837}.Release|x64.Build.0 = Release|x64
		{7E411CC5-B068-4D2F-9DCB-A255FC22B837}.Release|x86.ActiveCfg = Release|Win32
		{7E411CC5-B068-4D2F-9DCB-A255FC22B837}.Release|x86.Build.0 = Release|Win32
		{E9EB6A93-05F6-4801-884B-843E5ADDEEA5}.Debug|x64.ActiveCfg = Debug|x64
		{E9EB6A93-05F6-4801-884B-843E5ADDEEA5}.Debug|x64.Build.0 = Debug|x64
		{E9EB6A93-05F6-4801-884B-843E5ADDEEA5}.Debug|x86.ActiveCfg = Debug|Win32
		{E9EB6A93-05F6-4801-884B-843E5ADDEEA5}.Debug|x86.Build.0 = Debug|Win32
		{E9EB6A93-05F6-4801-884B-843E5ADDEEA5}.Release|x64.ActiveCfg = Release|x64
		{E9EB6A93-05F6-4801-884B-843E5ADDEEA5}.Release|x64.Build.0 = Release|x64
		{E9EB6A93-05F6-4801-884B-843E5ADDEEA5}.Release|x86.ActiveCfg = Release|Win32
		{E9EB6A93-05F6-4801-884B-843E5ADDEEA5}.Release|x86.Build.0 = Release|Win32
		{E4BC7160-F355-4041-BE09-4DAE0D3F56A2}.Debug|x64.ActiveCfg = Debug|x64
		{E4BC7160-F355-4041-BE09-4DAE0D3F56A2}.Debug|x64.Build.0 = Debug|x64
		{E4BC7160-F355-4041-BE09-4DAE0D3F56A2}.Debug|x86.ActiveCfg = Debug|Win32
		{E4BC7160-F355-4041-BE09-4DAE0D3F56A2}.Debug|x86.Build.0 = Debug|Win32
		{E4BC7160-F355-4041-BE09-4DAE0D3F56A2}.Release|x64.ActiveCfg = Release|x64
		{E4BC7160-F355-4041-BE09-4DAE0D3F56A2}.Release|x64.Build.0 = Release|x64
		{E4BC7160-F355-4041-BE09-4DAE0D3F56A2}.Release|x86.ActiveCfg = Release|Win32
		{E4BC7160-F355-4041-BE09-4DAE0D3F56A2}.Release|x86.Build.0 = Release|Win32
		{7B6FCB85-3642-4AD9-8FB6-1D7B4714908F}.Debug|x64.ActiveCfg = Debug|x64
		{7B6FCB85-3642-4AD9-8FB6-1D7B4714908F}.Debug|x64.Build.0 = Debug|x64
		{7B6FCB85-3642-4AD9-8FB6-1D7B4714908F}.Debug|x86.ActiveCfg = Debug|Win32
		{7B6FCB85-3642-4AD9-8FB6-1D7B4714908F}.Debug|x86.Build.0 = Debug|Win32
		{7B6FCB85-3642-4AD9-8FB6-1D7B4714908F}.Release|x64.ActiveCfg = Release|x64
		{7B6FCB85-3642-4AD9-8FB6-1D7B4714908F}.Release|x64.Build.0 = Release|x64
		{7B6FCB85-3642-4AD9-8FB6-1D7B4714908F}.Release|x86.ActiveCfg = Release|Win32
		{7B6FCB85-3642-4AD9-8FB6-1D7B4714908F}.Release|x86.Build.0 = Release|Win32
		{ED2D6290-379E-4666-9E86-7A3035AB01CD}.Debug|x64.ActiveCfg = Debug|x64
		{ED2D6290-379E-4666-9E86-7A3035AB01CD}.Debug|x64.Build.0 = Debug|x64
		{ED2D6290-379E-4666-9E86-7A3035AB01CD}.Debug|x86.ActiveCfg = Debug|Win32
		{ED2D6290-379E-4666-9E86-7A3035AB01CD}.Debug|x86.Build.0 = Debug|Win32
		{ED2D6290-379E-4666-9E86-7A3035AB01CD}.Release|x64.ActiveCfg = Release|x64
		{ED2D6290-379E-4666-9E86-7A3035AB01CD}.Release|x64.Build.0 = Release|x64
		{ED2D6290-379E-4666-9E86-7A3035AB01CD}.Release|x86.ActiveCfg = Release|Win32
		{ED2D6290-379E-4666-9E86-7A3035AB01CD}.Release|x86.Build.0 = Release|Win32
		{A5903DF0-6CFB-444F-8224-C800BB0105A9}.Debug|x64.ActiveCfg = Debug|x64
		{A5903DF0-6CFB-444F-8224-C800BB0105A9}.Debug|x64.Build.0 = Debug|x64
		{A5903DF0-6CFB-444F-8224-C800BB0105A9}.Debug|x86.ActiveCfg = Debug|Win32
		{A5903DF0-6CFB-444F-8224-C800BB0105A9}.Debug|x86.Build.0 = Debug|Win32
		{A5903DF0-6CFB-444F-8224-C800BB0105A9}.Release|x64.ActiveCfg = Release|x64
		{A5903DF0-6CFB-444F-8224-C800BB0105A9}.Release|x64.Build.0 = Release|x64
		{A5903DF0-6CFB-444F-8224-C800BB0105A9}.Release|x86.ActiveCfg = Release|Win32
		{A5903DF0-6CFB-444F-8224-C800BB0105A9}.Release|x86.Build.0 = Release|Win32
		{8EE40B64-136D-4E1B-9BB8-7774ACAF5344}.Debug|x64.ActiveCfg = Debug|x64
		{8EE40B64-136D-4E1B-9BB8-7774ACAF5344}.Debug|x64.Build.0 = Debug|x64
		{8EE40B64-136D-4E1B-9BB8-7774ACAF5344}.Debug|x86.ActiveCfg = Debug|Win32
		{8EE40B64-136D-4E1B-9BB8-7774ACAF5344}.Debug|x86.Build.0 = Debug|Win32
		{8EE40B64-136D-4E1B-9BB8-7774ACAF5344}.Release|x64.ActiveCfg = Release|x64
		{8EE40B64-136D-4E1B-9BB8-7774ACAF5344}.Release|x64.Build.0 = Release|x64
		{8EE40B64-136D-4E1B-9BB8-7774ACAF5344}.Release|x86.ActiveCfg = Release|Win32
		{8EE40B64-136D-4E1B-9BB8-7774ACAF5344}.Release|x86.Build.0 = Release|Win32
		{D948CB27-97C4-4A95-A294-2C3BFF986E9A}.Debug|x64.ActiveCfg = Debug|x64
		{D948CB27-97C4-4A95-A294-2C3BFF986E9A}.Debug|x64.Build.0 = Debug|x64
		{D948CB27-97C4-4A95-A294-2C3BFF986E9A}.Debug|x86.ActiveCfg = Debug|Win32
		{D948CB27-97C4-4A95-A294-2C3BFF986E9A}.Debug|x86.Build.0 = Debug|Win32
		{D948CB27-97C4-4A95-A294-2C3BFF986E9A}.Release|x64.ActiveCfg = Release|x64
		{D948CB27-97C4-4A95-A294-2C3BFF986E9A}.Release|x64.Build.0 = Release|x64
		{D948CB27-97C4-4A95-A294-2C3BFF986E9A}.Release|x86.ActiveCfg = Release|Win32
		{D948CB27-97C4-4A95-A294-2C3BFF986E9A}.Release|x86.Build.0 = Release|Win32
		{57A12612-F3F5-4A33-B6BC-FA8964809558}.Debug|x64.ActiveCfg = Debug|x64
		{57A12612-F3F5-4A33-B6BC-FA8964809558}.Debug|x64.Build.0 = Debug|x64
		{57A12612-F3F5-4A33-B6BC-FA8964809558}.Debug|x86.ActiveCfg = Debug|Win32
		{57A12612-F3F5-4A33-B6BC-FA8964809558}.Debug|x86.Build.0 = Debug|Win32
		{57A12612-F3F5-4A33-B6BC-FA8964809558}.Release|x64.ActiveCfg = Release|x64
		{57A12612-F3F5-4A33-B6BC-FA8964809558}.Release|x64.Build.0 = Release|x64
		{57A12612-F3F5-4A33-B6BC-FA8964809558}.Release|x86.ActiveCfg = Release|Win32
		{57A12612-F3F5-4A33-B6BC-FA8964809558}.Release|x86.Build.0 = Release|Win32
		{44058CD2-CBAE-496D-A943-328C1C948EFA}.Debug|x64.ActiveCfg = Debug|x64
		{44058CD2-CBAE-496D-A943-328C1C948EFA}.Debug|x64.Build.0 = Debug|x64
		{44058CD2-CBAE-496D-A943-328C1C948EFA}.Debug|x86.ActiveCfg = Debug|Win32
		{44058CD2-CBAE-496D-A943-328C1C948EFA}.Debug|x86.Build.0 = Debug|Win32
		{44058CD2-CBAE-496D-A943-328C1C948EFA}.Release|x64.ActiveCfg = Release|x64
		{44058CD2-CBAE-496D-A943-328C1C948EFA}.Release|x64.Build.0 = Release|x64
		{44058CD2-CBAE-496D-A943-328C1C948EFA}.Release|x86.ActiveCfg = Release|Win32
		{44058CD2-CBAE-496D-A943-328C1C948EFA}.Release|x86.Build.0 = Release|Win32
		{B5E373E4-14AA-48B1-8A64-37D7F57A0848}.Debug|x64.ActiveCfg = Debug|x64
		{B5E373E4-14AA-48B1-8A64-37D7F57A0848}.Debug|x64.Build.0 = Debug|x64
		{B5E373E4-14AA-48B1-8A64-37D7F57A0848}.Debug|x86.ActiveCfg = Debug|Win32
		{B5E373E4-14AA-48B1-8A64-37D7F57A0848}.Debug|x86.Build.0 = Debug|Win32
		{B5E373E4-14AA-48B1-8A64-37D7F57A0848}.Release|x64.ActiveCfg = Release|x64
		{B5E373E4-14AA-48B1-8A64-37D7F57A0848}.Release|x64.Build.0 = Release|x64
		{B5E373E4-14AA-48B1-8A64-37D7F57A0848}.Release|x86.ActiveCfg = Release|Win32
		{B5E373E4-14AA-48B1-8A64-37D7F57A0848}.Release|x86.Build.0 = Release|Win32
		{F9F16922-42A2-411E-9FAF-E88FE950D83F}.Debug|x64.ActiveCfg = Debug|x64
		{F9F16922-42A2-411E-9FAF-E88FE950D83F}.Debug|x64.Build.0 = Debug|x64
		{F9F16922-42A2-411E-9FAF-E88FE950D83F}.Debug|x86.ActiveCfg = Debug|Win32
		{F9F16922-42A2-411E-9FAF-E88FE950D83F}.Debug|x86.Build.0 = Debug|Win32
		{F9F16922-42A2-411E-9FAF-E88FE950D83F}.Release|x64.ActiveCfg = Release|x64
		{F9F16922-42A2-411E-9FAF-E88FE950D83F}.Release|x64.Build.0 = Release|x64
		{F9F16922-42A2-411E-9FAF-E88FE950D83F}.Release|x86.ActiveCfg = Release|Win32
		{F9F16922-42A2-411E-9FAF-E88FE950D83F}.Release|x86.Build.0 = Release|Win32
		{35D0AEFE-BFB8-40AA-BBDD-F7A97682E073}.Debug|x64.ActiveCfg = Debug|x64
		{35D0AEFE-BFB8-40AA-BBDD-F7A97682E073}.Debug|x64.Build.0 = Debug|x64
		{35D0AEFE-BFB8-40AA-BBDD-F7A97682E073}.Debug|x86.ActiveCfg = Debug|Win32
		{35D0AEFE-BFB8-40AA-BBDD-F7A97682E073}.Debug|x86.Build.0 = Debug|Win32
		{35D0AEFE-BFB8-40AA-BBDD-F7A97682E073}.Release|x64.ActiveCfg = Release|x64
		{35D0AEFE-BFB8-40AA-BBDD-F7A97682E073}.Release|x64.Build.0 = Release|x64
		{35D0AEFE-BFB8-40AA-BBDD-F7A97682E073}.Release|x86.ActiveCfg = Release|Win32
		{35D0AEFE-BFB8-40AA-BBDD-F7A97682E073}.Release|x86.Build.0 = Release|Win32
		{241861C0-350F-469C-8A55-E63CBFCBDEBC}.Debug|x64.ActiveCfg = Debug|x64
		{241861C0-350F-469C-8A55-E63CBFCBDEBC}.Debug|x64.Build.0 = Debug|x64
		{241861C0-350F-469C-8A55-E63CBFCBDEBC}.Debug|x86.ActiveCfg = Debug|Win32
		{241861C0-350F-469C-8A55-E63CBFCBDEBC}.Debug|x86.Build.0 = Debug|Win32
		{241861C0-350F-469C-8A55-E63CBFCBDEBC}.Release|x64.ActiveCfg = Release|x64
		{241861C0-350F-469C-8A55-E63CBFCBDEBC}.Release|x64.Build.0 = Release|x64
		{241861C0-350F-469C-8A55-E63CBFCBDEBC}.Release|x86.ActiveCfg = Release|Win32
		{241861C0-350F-469C-8A55-E63CBFCBDEBC}.Release|x86.Build.0 = Release|Win32
		{0E4BA5F0-8D9B-4E29-AC18-E3BA0D03CB1D}.Debug|x64.ActiveCfg = Debug|x64
		{0E4BA5F0-8D9B-4E29-AC18-E3BA0D03CB1D}.Debug|x64.Build.0 = Debug|x64
		{0E4BA5F0-8D9B-4E29-AC18-E3BA0D03CB1D}.Debug|x86.ActiveCfg = Debug|Win32
		{0E4BA5F0-8D9B-4E29-AC18-E3BA0D03CB1D}.Debug|x86.Build.0 = Debug|Win32
		{0E4BA5F0-8D9B-4E29-AC18-E3BA0D03CB1D}.Release|x64.ActiveCfg = Release|x64
		{0E4BA5F0-8D9B-4E29-AC18-E3BA0D03CB1D}.Release|x64.Build.0 = Release|x64
		{0E4BA5F0-8D9B-4E29-AC18-E3BA0D03CB1D}.Release|x86.ActiveCfg = Release|Win32
		{0E4BA5F0-8D9B-4E29-AC18-E3BA0D03CB1D}.Release|x86.Build.0 = Release|Win32
		{2B2B44FC-8CD9-4FC3-B5D3-792CC5BE389B}.Debug|x64.ActiveCfg = Debug|x64
		{2B2B44FC-8CD9-4FC3-B5D3-792CC5BE389B}.Debug|x64.Build.0 = Debug|x64
		{2B2B44FC-8CD9-4FC3-B5D3-792CC5BE389B}.Debug|x86.ActiveCfg = Debug|Win32
		{2B2B44FC-8CD9-4FC3-B5D3-792CC5BE389B}.Debug|x86.Build.0 = Debug|Win32
		{2B2B44FC-8CD9-4FC3-B5D3-792CC5BE389B}.Release|x64.ActiveCfg = Release|x64
		{2B2B44FC-8CD9-4FC3-B5D3-792CC5BE389B}.Release|x64.Build.0 = Release|x64
		{2B2B44FC-8CD9-4FC3-B5D3-792CC5BE389B}.Release|x86.ActiveCfg = Release|Win32
		{2B2B44FC-8CD9-4FC3-B5D3-792CC5BE389B}.Release|x86.Build.0 = Release|Win32
		{8AD2D58B-5695-4987-AAC0-4F2FB2A6CDCE}.Debug|x64.ActiveCfg = Debug|x64
		{8AD2D58B-5695-4987-AAC0-4F2FB2A6CDCE}.Debug|x64.Build.0 = Debug|x64
		{8AD2D58B-5695-4987-AAC0-4F2FB2A6CDCE}.Debug|x86.ActiveCfg = Debug|Win32
		{8AD2D58B-5695-4987-AAC0-4F2FB2A6CDCE}.Debug|x86.Build.0 = Debug|Win32
		{8AD2D58B-5695-4987-AAC0-4F2FB2A6CDCE}.Release|x64.ActiveCfg = Release|x64
		{8AD2D58B-5695-4987-AAC0-4F2FB2A6CDCE}.Release|x64.Build.0 = Release|x64
		{8AD2D58B-5695-4987-AAC0-4F2FB2A6CDCE}.Release|x86.ActiveCfg = Release|Win32
		{8AD2D58B-5695-4987-AAC0-4F2FB2A6CDCE}.Release|x86.Build.0 = Release|Win32
		{C1036B1C-2BDB-489E-A0C5-3A085306340C}.Debug|x64.ActiveCfg = Debug|x64
		{C1036B1C-2BDB-489E-A0C5-3A085306340C}.Debug|x64.Build.0 = Debug|x64
		{C1036B1C-2BDB-489E-A0C5-3A085306340C}.Debug|x86.ActiveCfg = Debug|Win32
		{C1036B1C-2BDB-489E-A0C5-3A085306340C}.Debug|x86.Build.0 = Debug|Win32
		{C1036B1C-2BDB-489E-A0C5-3A085306340C}.Release|x64.ActiveCfg = Release|x64
		{C1036B1C-2BDB-489E-A0C5-3A085306340C}.Release|x64.Build.0 = Release|x64
		{C1036B1C-2BDB-489E-A0C5-3A085306340C}.Release|x86.ActiveCfg = Release|Win32
		{C1036B1C-2BDB-489E-A0C5-3A085306340C}.Release|x86.Build.0 = Release|Win32
		{C46A45C3-C61A-4193-B65C-354096ADC0AD}.Debug|x64.ActiveCfg = Debug|x64
		{C46A45C3-C61A-4193-B65C-354096ADC0AD}.Debug|x64.Build.0 = Debug|x64
		{C46A45C3-C61A-4193-B65C-354096ADC0AD}.Debug|x86.ActiveCfg = Debug|Win32
		{C46A45C3-C61A-4193-B65C-354096ADC0AD}.Debug|x86.Build.0 = Debug|Win32
		{C46A45C3-C61A-4193-B65C-354096ADC0AD}.Release|x64.ActiveCfg = Release|x64
		{C46A45C3-C61A-4193-B65C-354096ADC0AD}.Release|x64.Build.0 = Release|x64
		{C46A45C3-C61A-4193-B65C-354096ADC0AD}.Release|x86.ActiveCfg = Release|Win32
		{C46A45C3-C61A-4193-B65C-354096ADC0AD}.Release|x86.Build.0 = Release|Win32
		{37693328-CD6E-458A-B743-44EF8B27A792}.Debug|x64.ActiveCfg = Debug|x64
		{37693328-CD6E-458A-B743-44EF8B27A792}.Debug|x64.Build.0 = Debug|x64
		{37693328-CD6E-458A-B743-44EF8B27A792}.Debug|x86.ActiveCfg = Debug|Win32
		{37693328-CD6E-458A-B743-44EF8B27A792}.Debug|x86.Build.0 = Debug|Win32
		{37693328-CD6E-458A-B743-44EF8B27A792}.Release|x64.ActiveCfg = Release|x64
		{37693328-CD6E-458A-B743-44EF8B27A792}.Release|x64.Build.0 = Release|x64
		{37693328-CD6E-458A-B743-44EF8B27A792}.Release|x86.ActiveCfg = Release|Win32
		{37693328-CD6E-458A-B743-44EF8B27A792}.Release|x86.Build.0 = Release|Win32
		{3AE3EA0D-3B28-4CA9-A437-D8894945B43E}.Debug|x64.ActiveCfg = Debug|x64
		{3AE3EA0D-3B28-4CA9-A437-D8894945B43E}.Debug|x64.Build.0 = Debug|x64
		{3AE3EA0D-3B28-4CA9-A437-D8894945B43E}.Debug|x86.ActiveCfg = Debug|Win32
		{3AE3EA0D-3B28-4CA9-A437-D8894945B43E}.Debug|x86.Build.0 = Debug|Win32
		{3AE3EA0D-3B28-4CA9-A437-D8894945B43E}.Release|x64.ActiveCfg = Release|x64
		{3AE3EA0D-3B28-4CA9-A437-D8894945B43E}.Release|x64.Build.0 = Release|x64
		{3AE3EA0D-3B28-4CA9-A437-D8894945B43E}.Release|x86.ActiveCfg = Release|Win32
		{3AE3EA0D-3B28-4CA9-A437-D8894945B43E}.Release|x86.Build.0 = Release|Win32
		{C5682B52-F8E7-4EAC-BE59-12E29A8B7AA0}.Debug|x64.ActiveCfg = Debug|x64
		{C5682B52-F8E7-4EAC-BE59-12E29A8B7AA0}.Debug|x64.Build.0 = Debug|x64
		{C5682B52-F8E7-4EAC-BE59-12E29A8B7AA0}.Debug|x86.ActiveCfg = Debug|Win32
		{C5682B52-F8E7-4EAC-BE59-12E29A8B7AA0}.Debug|x86.Build.0 = Debug|Win32
		{C5682B52-F8E7-4EAC-BE59-12E29A8B7AA0}.Release|x64.ActiveCfg = Release|x64
		{C5682B52-F8E7-4EAC-BE59-12E29A8B7AA0}.Release|x64.Build.0 = Release|x64
		{C5682B52-F8E7-4EAC-BE59-12E29A8B7AA0}.Release|x86.ActiveCfg = Release|Win32
		{C5682B52-F8E7-4EAC-BE59-12E29A8B7AA0}.Release|x86.Build.0 = Release|Win32
		{3F909D21-35E0-48AF-AB62-5A4DB5349B93}.Debug|x64.ActiveCfg = Debug|x64
		{3F909D21-35E0-48AF-AB62-5A4DB5349B93}.Debug|x64.Build.0 = Debug|x64
		{3F909D21-35E0-48AF-AB62-5A4DB5349B93}.Debug|x86.ActiveCfg = Debug|Win32
		{3F909D21-35E0-48AF-AB62-5A4DB5349B93}.Debug|x86.Build.0 = Debug|Win32
		{3F909D21-35E0-48AF-AB62-5A4DB5349B93}.Release|x64.ActiveCfg = Release|x64
		{3F909D21-35E0-48AF-AB62-5A4DB5349B93}.Release|x64.Build.0 = Release|x64
		{3F909D21-35E0-48AF-AB62-5A4DB5349B93}.Release|x86.ActiveCfg = Release|Win32
		{3F909D21-35E0-48AF-AB62-5A4DB5349B93}.Release|x86.Build.0 = Release|Win32
		{31B41C47-2AFA-45CB-A087-6A08987F3A0C}.Debug|x64.ActiveCfg = Debug|x64
		{31B41C47-2AFA-45CB-A087-6A08987F3A0C}.Debug|x64.Build.0 = Debug|x64
		{31B41C47-2AFA-45CB-A087-6A08987F3A0C}.Debug|x86.ActiveCfg = Debug|Win32
		{31B41C47-2AFA-45CB-A087-6A08987F3A0C}.Debug|x86.Build.0 = Debug|Win32
		{31B41C47-2AFA-45CB-A087-6A08987F3A0C}.Release|x64.ActiveCfg = Release|x64
		{31B41C47-2AFA-45CB-A087-6A08987F3A0C}.Release|x64.Build.0 = Release|x64
		{31B41C47-2AFA-45CB-A087-6A08987F3A0C}.Release|x86.ActiveCfg = Release|Win32
		{31B41C47-2AFA-45CB-A087-6A08987F3A0C}.Release|x86.Build.0 = Release|Win32
		{C7B46EE8-418B-45F3-88B7-0267FB3143A4}.Debug|x64.ActiveCfg = Debug|x64
		{C7B46EE8-418B-45F3-88B7-0267FB3143A4}.Debug|x64.Build.0 = Debug|x64
		{C7B46EE8-418B-45F3-88B7-0267FB3143A4}.Debug|x86.ActiveCfg = Debug|Win32
		{C7B46EE8-418B-45F3-88B7-0267FB3143A4}.Debug|x86.Build.0 = Debug|Win32
		{C7B46EE8-418B-45F3-88B7-0267FB3143A4}.Release|x64.ActiveCfg = Release|x64
		{C7B46EE8-418B-45F3-88B7-0267FB3143A4}.Release|x64.Build.0 = Release|x64
		{C7B46EE8-418B-45F3-88B7-0267FB3143A4}.Release|x86.ActiveCfg = Release|Win32
		{C7B46EE8-418B-45F3-88B7-0267FB3143A4}.Release|x86.Build.0 = Release|Win32
		{AF2290C7-4116-422C-AE8D-AA5FCC0DD5D3}.Debug|x64.ActiveCfg = Debug|x64
		{AF2290C7-4116-422C-AE8D-AA5FCC0DD5D3}.Debug|x64.Build.0 = Debug|x64
		{AF2290C7-4116-422C-AE8D-AA5FCC0DD5D3}.Debug|x86.ActiveCfg = Debug|Win32
		{AF2290C7-4116-422C-AE8D-AA5FCC0DD5D3}.Debug|x86.Build.0 = Debug|Win32
		{AF2290C7-4116-422C-AE8D-AA5FCC0DD5D3}.Release|x64.ActiveCfg = Release|x64
		{AF2290C7-4116-422C-AE8D-AA5FCC0DD5D3}.Release|x64.Build.0 = Release|x64
		{AF2290C7-4116-422C-AE8D-AA5FCC0DD5D3}.Release|x86.ActiveCfg = Release|Win32
		{AF2290C7-4116-422C-AE8D-AA5FCC0DD5D3}.Release|x86.Build.0 = Release|Win32
		{BFBA260F-D3F0-4824-82C1-855E68676771}.Debug|x64.ActiveCfg = Debug|x64
		{BFBA260F-D3F0-4824-82C1-855E68676771}.Debug|x64.Build.0 = Debug|x64
		{BFBA260F-D3F0-4824-82C1-855E68676771}.Debug|x86.ActiveCfg = Debug|Win32
		{BFBA260F-D3F0-4824-82C1-855E68676771}.Debug|x86.Build.0 = Debug|Win32
		{BFBA260F-D3F0-4824-82C1-855E68676771}.Release|x64.ActiveCfg = Release|x64
		{BFBA260F-D3F0-4824-82C1-855E68676771}.Release|x64.Build.0 = Release|x64
		{BFBA260F-D3F0-4824-82C1-855E68676771}.Release|x86.ActiveCfg = Release|Win32
		{BFBA260F-D3F0-4824-82C1-855E68676771}.Release|x86.Build.0 = Release|Win32
		{12B28528-B9F4-4B54-9ECF-FD71664CCFC4}.Debug|x64.ActiveCfg = Debug|x64
		{12B28528-B9F4-4B54-9ECF-FD71664CCFC4}.Debug|x64.Build.0 = Debug|x64
		{12B28528-B9F4-4B54-9ECF-FD71664CCFC4}.Debug|x86.ActiveCfg = Debug|Win32
		{12B28528-B9F4-4B54-9ECF-FD71664CCFC4}.Debug|x86.Build.0 = Debug|Win32
		{12B28528-B9F4-4B54-9ECF-FD71664CCFC4}.Release|x64.ActiveCfg = Release|x64
		{12B28528-B9F4-4B54-9ECF-FD71664CCFC4}.Release|x64.Build.0 = Release|x64
		{12B28528-B9F4-4B54-9ECF-FD71664CCFC4}.Release|x86.ActiveCfg = Release|Win32
		{12B28528-B9F4-4B54-9ECF-FD71664CCFC4}.Release|x86.Build.0 = Release|Win32
		{6CE391C1-2FBB-4756-860A-396F3A176D56}.Debug|x64.ActiveCfg = Debug|x64
		{6CE391C1-2FBB-4756-860A-396F3A176D56}.Debug|x64.Build.0 = Debug|x64
		{6CE391C1-2FBB-4756-860A-396F3A176D56}.Debug|x86.ActiveCfg = Debug|Win32
		{6CE391C1-2FBB-4756-860A-396F3A176D56}.Debug|x86.Build.0 = Debug|Win32
		{6CE391C1-2FBB-4756-860A-396F3A176D56}.Release|x64.ActiveCfg = Release|x64
		{6CE391C1-2FBB-4756-860A-396F3A176D56}.Release|x64.Build.0 = Release|x64
		{6CE391C1-2FBB-4756-860A-396F3A176D56}.Release|x86.ActiveCfg = Release|Win32
		{6CE391C1-2FBB-4756-860A-396F3A176D56}.Release|x86.Build.0 = Release|Win32
		{C55DEFE2-5BA6-4A38-A1D7-46E88436846F}.Debug|x64.ActiveCfg = Debug|x64
		{C55DEFE2-5BA6-4A38-A1D7-46E88436846F}.Debug|x64.Build.0 = Debug|x64
		{C55DEFE2-5BA6-4A38-A1D7-46E88436846F}.Debug|x86.ActiveCfg = Debug|Win32
		{C55DEFE2-5BA6-4A38-A1D7-46E88436846F}.Debug|x86.Build.0 = Debug|Win32
		{C55DEFE2-5BA6-4A38-A1D7-46E88436846F}.Release|x64.ActiveCfg = Release|x64
		{C55DEFE2-5BA6-4A38-A1D7-46E88436846F}.Release|x64.Build.0 = Release|x64
		{C55DEFE2-5BA6-4A38-A1D7-46E88436846F}.Release|x86.ActiveCfg = Release|Win32
		{C55DEFE2-5BA6-4A38-A1D7-46E88436846F}.Release|x86.Build.0 = Release|Win32
		{E2EBE0AD-E7FF-4BF6-8DE4-65BB2A7336FD}.Debug|x64.ActiveCfg = Debug|x64
		{E2EBE0AD-E7FF-4BF6-8DE4-65BB2A7336FD}.Debug|x64.Build.0 = Debug|x64
		{E2EBE0AD-E7FF-4BF6-8DE4-65BB2A7336FD}.Debug|x86.ActiveCfg = Debug|Win32
		{E2EBE0AD-E7FF-4BF6-8DE4-65BB2A7336FD}.Debug|x86.Build.0 = Debug|Win32
		{E2EBE0AD-E7FF-4BF6-8DE4-65BB2A7336FD}.Release|x64.ActiveCfg = Release|x64
		{E2EBE0AD-E7FF-4BF6-8DE4-65BB2A7336FD}.Release|x64.Build.0 = Release|x64
		{E2EBE0AD-E7FF-4BF6-8DE4-65BB2A7336FD}.Release|x86.ActiveCfg = Release|Win32
		{E2EBE0AD-E7FF-4BF6-8DE4-65BB2A7336FD}.Release|x86.Build.0 = Release|Win32
		{923CCCC9-0B33-40A1-814A-0ECED4BB74D4}.Debug|x64.ActiveCfg = Debug|x64
		{923CCCC9-0B33-40A1-814A-0ECED4BB74D4}.Debug|x64.Build.0 = Debug|x64
		{923CCCC9-0B33-40A1-814A-0ECED4BB74D4}.Debug|x86.ActiveCfg = Debug|Win32
		{923CCCC9-0B33-40A1-814A-0ECED4BB74D4}.Debug|x86.Build.0 = Debug|Win32
		{923CCCC9-0B33-40A1-814A-0ECED4BB74D4}.Release|x64.ActiveCfg = Release|x64
		{923CCCC9-0B33-40A1-814A-0ECED4BB74D4}.Release|x64.Build.0 = Release|x64
		{923CCCC9-0B33-40A1-814A-0ECED4BB74D4}.Release|x86.ActiveCfg = Release|Win32
		{923CCCC9-0B33-40A1-814A-0ECED4BB74D4}.Release|x86.Build.0 = Release|Win32
		{776E985E-8820-4BF8-AEFC-2E660E79B433}.Debug|x64.ActiveCfg = Debug|x64
		{776E985E-8820-4BF8-AEFC-2E660E79B433}.Debug|x64.Build.0 = Debug|x64
		{776E985E-8820-4BF8-AEFC-2E660E79B433}.Debug|x86.ActiveCfg = Debug|Win32
		{776E985E-8820-4BF8-AEFC-2E660E79B433}.Debug|x86.Build.0 = Debug|Win32
		{776E985E-8820-4BF8-AEFC-2E660E79B433}.Release|x64.ActiveCfg = Release|x64
		{776E985E-8820-4BF8-AEFC-2E660E79B433}.Release|x64.Build.0 = Release|x64
		{776E985E-8820-4BF8-AEFC-2E660E79B433}.Release|x86.ActiveCfg = Release|Win32
		{776E985E-8820-4BF8-AEFC-2E660E79B433}.Release|x86.Build.0 = Release|Win32
		{FEB1E8D4-DADF-40C3-AF29-38819CDA848A}.Debug|x64.ActiveCfg = Debug|x64
		{FEB1E8D4-DADF-40C3-AF29-38819CDA848A}.Debug|x64.Build.0 = Debug|x64
		{FEB1E8D4-DADF-40C3-AF29-38819CDA848A}.Debug|x86.ActiveCfg = Debug|Win32
		{FEB1E8D4-DADF-40C3-AF29-38819CDA848A}.Debug|x86.Build.0 = Debug|Win32
		{FEB1E8D4-DADF-40C3-AF29-38819CDA848A}.Release|x64.ActiveCfg = Release|x64
		{FEB1E8D4-DADF-40C3-AF29-38819CDA848A}.Release|x64.Build.0 = Release|x64
		{FEB1E8D4-DADF-40C3-AF29-38819CDA848A}.Release|x86.ActiveCfg = Release|Win32
		{FEB1E8D4-DADF-40C3-AF29-38819CDA848A}.Release|x86.Build.0 = Release|Win32
		{968AFE12-9451-4E3D-B2E5-FF43E8AD46BC}.Debug|x64.ActiveCfg = Debug|x64
		{968AFE12-9451-4E3D-B2E5-FF43E8AD46BC}.Debug|x64.Build.0 = Debug|x64
		{968AFE12-9451-4E3D-B2E5-FF43E8AD46BC}.Debug|x86.ActiveCfg = Debug|Win32
		{968AFE12-9451-4E3D-B2E5-FF43E8AD46BC}.Debug|x86.Build.0 = Debug|Win32
		{968AFE12-9451-4E3D-B2E5-FF43E8AD46BC}.Release|x64.ActiveCfg = Release|x64
		{968AFE12-9451-4E3D-B2E5-FF43E8AD46BC}.Release|x64.Build.0 = Release|x64
		{968AFE12-9451-4E3D-B2E5-FF43E8AD46BC}.Release|x86.ActiveCfg = Release|Win32
		{968AFE12-9451-4E3D-B2E5-FF43E8AD46BC}.Release|x86.Build.0 = Release|Win32
	EndGlobalSection
	GlobalSection(SolutionProperties) = preSolution
		HideSolutionNode = FALSE
	EndGlobalSection
	GlobalSection(NestedProjects) = preSolution
		{9DD1586D-E3CB-4057-B7B0-B61AF82AF624} = {73A9E037-B86F-42E1-88BA-CDA62574B2A7}
		{99B8C5B5-2441-43B3-B69B-813F32B66181} = {73A9E037-B86F-42E1-88BA-CDA62574B2A7}
		{F690F4BF-2806-4360-8406-19E5BE37E351} = {73A9E037-B86F-42E1-88BA-CDA62574B2A7}
		{3A7FB488-C5D2-4150-A178-C27FC9267CE7} = {73A9E037-B86F-42E1-88BA-CDA62574B2A7}
		{C6B64E3E-FCAC-4422-ADB9-A7AB87000AD0} = {73A9E037-B86F-42E1-88BA-CDA62574B2A7}
		{7CDC3B31-8B6C-443A-911B-2E75874AA6B8} = {73A9E037-B86F-42E1-88BA-CDA62574B2A7}
		{C825C1F1-C3C7-4971-B46F-B3B2A0889121} = {73A9E037-B86F-42E1-88BA-CDA62574B2A7}
		{1B76056C-B86C-4934-BE92-9DEFB9A5632F} = {73A9E037-B86F-42E1-88BA-CDA62574B2A7}
		{73F3D8F6-0F4A-4AEE-9B1F-744138EE37FB} = {73A9E037-B86F-42E1-88BA-CDA62574B2A7}
		{74F0964B-30ED-41D7-9AA3-735145E47397} = {289D5D56-E634-47E9-905A-3049B1549C3F}
		{32AE3BB7-B53C-47AD-B2A2-AA9A4CA87866} = {73A9E037-B86F-42E1-88BA-CDA62574B2A7}
		{541C9467-4690-4878-8D04-E63FC23917BF} = {351090F6-8AF7-45A9-BD32-49769275A550}
		{6FAA6AB9-E0F1-49B8-8DF9-1C1A2CA86B97} = {351090F6-8AF7-45A9-BD32-49769275A550}
		{80E36712-280E-4536-B104-19BF352E078E} = {351090F6-8AF7-45A9-BD32-49769275A550}
		{6F0C1B75-0724-4F22-9A2A-2A60AB046557} = {351090F6-8AF7-45A9-BD32-49769275A550}
		{96143119-57B3-419D-95A5-CE0C8B910359} = {351090F6-8AF7-45A9-BD32-49769275A550}
		{B93476DA-6853-4C84-A2D1-FBB57DA286BA} = {351090F6-8AF7-45A9-BD32-49769275A550}
		{A0940E12-ACCA-44C5-A59B-DA6496A269B6} = {351090F6-8AF7-45A9-BD32-49769275A550}
		{680FA4C1-9FA3-47D9-9CF9-D4145867C704} = {351090F6-8AF7-45A9-BD32-49769275A550}
		{689A58B6-26BA-4A96-B6A3-F58892A011EF} = {351090F6-8AF7-45A9-BD32-49769275A550}
		{78D0ACB6-7DA0-4F35-A653-7683E0520FE4} = {351090F6-8AF7-45A9-BD32-49769275A550}
		{DC3DC85D-3AE4-420F-B191-DBB5361DDA21} = {351090F6-8AF7-45A9-BD32-49769275A550}
		{2F25ED13-7CAD-4157-88BC-CB1746CB9E4E} = {351090F6-8AF7-45A9-BD32-49769275A550}
		{D0CC69C5-48C2-4978-8DFA-F3030BD4E5D2} = {39403D76-4C4E-4DDC-9DDB-231FEDD0584A}
		{F3FA09B8-2130-491D-B079-A99FC8EE2817} = {39403D76-4C4E-4DDC-9DDB-231FEDD0584A}
		{326ACAE8-E8F6-42EE-8005-2CA20530D04C} = {39403D76-4C4E-4DDC-9DDB-231FEDD0584A}
		{5A771EDB-BEFB-4C0A-A8C2-B4A311A8F783} = {39403D76-4C4E-4DDC-9DDB-231FEDD0584A}
		{DDA1968B-AB39-4F47-A7ED-4B4C7E5FDD64} = {01ABC721-4A04-4150-B814-38AA30CEF932}
		{7E411CC5-B068-4D2F-9DCB-A255FC22B837} = {01ABC721-4A04-4150-B814-38AA30CEF932}
		{E9EB6A93-05F6-4801-884B-843E5ADDEEA5} = {01ABC721-4A04-4150-B814-38AA30CEF932}
		{E4BC7160-F355-4041-BE09-4DAE0D3F56A2} = {01ABC721-4A04-4150-B814-38AA30CEF932}
		{7B6FCB85-3642-4AD9-8FB6-1D7B4714908F} = {01ABC721-4A04-4150-B814-38AA30CEF932}
		{ED2D6290-379E-4666-9E86-7A3035AB01CD} = {01ABC721-4A04-4150-B814-38AA30CEF932}
		{A5903DF0-6CFB-444F-8224-C800BB0105A9} = {01ABC721-4A04-4150-B814-38AA30CEF932}
		{8EE40B64-136D-4E1B-9BB8-7774ACAF5344} = {01ABC721-4A04-4150-B814-38AA30CEF932}
		{D948CB27-97C4-4A95-A294-2C3BFF986E9A} = {01ABC721-4A04-4150-B814-38AA30CEF932}
		{57A12612-F3F5-4A33-B6BC-FA8964809558} = {01ABC721-4A04-4150-B814-38AA30CEF932}
		{44058CD2-CBAE-496D-A943-328C1C948EFA} = {26A570EA-12B6-4ABF-8EA2-4B89A95C546E}
		{B5E373E4-14AA-48B1-8A64-37D7F57A0848} = {26A570EA-12B6-4ABF-8EA2-4B89A95C546E}
		{F9F16922-42A2-411E-9FAF-E88FE950D83F} = {26A570EA-12B6-4ABF-8EA2-4B89A95C546E}
		{35D0AEFE-BFB8-40AA-BBDD-F7A97682E073} = {26A570EA-12B6-4ABF-8EA2-4B89A95C546E}
		{241861C0-350F-469C-8A55-E63CBFCBDEBC} = {26A570EA-12B6-4ABF-8EA2-4B89A95C546E}
		{0E4BA5F0-8D9B-4E29-AC18-E3BA0D03CB1D} = {B83E9822-A3A3-48C0-BDD9-12089C671F5E}
		{2B2B44FC-8CD9-4FC3-B5D3-792CC5BE389B} = {B83E9822-A3A3-48C0-BDD9-12089C671F5E}
		{8AD2D58B-5695-4987-AAC0-4F2FB2A6CDCE} = {B83E9822-A3A3-48C0-BDD9-12089C671F5E}
		{C1036B1C-2BDB-489E-A0C5-3A085306340C} = {CF006B5D-9A94-4250-8333-F251DF1A1122}
		{C46A45C3-C61A-4193-B65C-354096ADC0AD} = {CF006B5D-9A94-4250-8333-F251DF1A1122}
		{37693328-CD6E-458A-B743-44EF8B27A792} = {CF006B5D-9A94-4250-8333-F251DF1A1122}
		{3AE3EA0D-3B28-4CA9-A437-D8894945B43E} = {CF006B5D-9A94-4250-8333-F251DF1A1122}
		{C5682B52-F8E7-4EAC-BE59-12E29A8B7AA0} = {CF006B5D-9A94-4250-8333-F251DF1A1122}
		{3F909D21-35E0-48AF-AB62-5A4DB5349B93} = {CF006B5D-9A94-4250-8333-F251DF1A1122}
		{31B41C47-2AFA-45CB-A087-6A08987F3A0C} = {CF006B5D-9A94-4250-8333-F251DF1A1122}
		{C7B46EE8-418B-45F3-88B7-0267FB3143A4} = {CF006B5D-9A94-4250-8333-F251DF1A1122}
		{AF2290C7-4116-422C-AE8D-AA5FCC0DD5D3} = {CF006B5D-9A94-4250-8333-F251DF1A1122}
		{BFBA260F-D3F0-4824-82C1-855E68676771} = {CF006B5D-9A94-4250-8333-F251DF1A1122}
		{12B28528-B9F4-4B54-9ECF-FD71664CCFC4} = {CF006B5D-9A94-4250-8333-F251DF1A1122}
		{6CE391C1-2FBB-4756-860A-396F3A176D56} = {CF006B5D-9A94-4250-8333-F251DF1A1122}
		{C55DEFE2-5BA6-4A38-A1D7-46E88436846F} = {CF006B5D-9A94-4250-8333-F251DF1A1122}
		{E2EBE0AD-E7FF-4BF6-8DE4-65BB2A7336FD} = {CF006B5D-9A94-4250-8333-F251DF1A1122}
		{923CCCC9-0B33-40A1-814A-0ECED4BB74D4} = {CF006B5D-9A94-4250-8333-F251DF1A1122}
		{776E985E-8820-4BF8-AEFC-2E660E79B433} = {9A87783B-496E-4B07-AABC-5FE541632D1B}
		{FEB1E8D4-DADF-40C3-AF29-38819CDA848A} = {9A87783B-496E-4B07-AABC-5FE541632D1B}
		{968AFE12-9451-4E3D-B2E5-FF43E8AD46BC} = {9A87783B-496E-4B07-AABC-5FE541632D1B}
	EndGlobalSection
	GlobalSection(ExtensibilityGlobals) = postSolution
		SolutionGuid = {85640C5A-686C-43D8-8B81-5180C5989442}
	EndGlobalSection
EndGlobal
